// !$*UTF8*$!
{
	archiveVersion = 1;
	classes = {
	};
	objectVersion = 50;
	objects = {

/* Begin PBXBuildFile section */
		66752038239011150054253C /* images-30.jpeg in Resources */ = {isa = PBXBuildFile; fileRef = 6675201A239011150054253C /* images-30.jpeg */; };
		66752039239011150054253C /* images-26.jpeg in Resources */ = {isa = PBXBuildFile; fileRef = 6675201B239011150054253C /* images-26.jpeg */; };
		6675203A239011150054253C /* images-3.jpeg in Resources */ = {isa = PBXBuildFile; fileRef = 6675201C239011150054253C /* images-3.jpeg */; };
		6675203B239011150054253C /* images-10.jpeg in Resources */ = {isa = PBXBuildFile; fileRef = 6675201D239011150054253C /* images-10.jpeg */; };
		6675203C239011150054253C /* images-11.jpeg in Resources */ = {isa = PBXBuildFile; fileRef = 6675201E239011150054253C /* images-11.jpeg */; };
		6675203D239011150054253C /* images-2.jpeg in Resources */ = {isa = PBXBuildFile; fileRef = 6675201F239011150054253C /* images-2.jpeg */; };
		6675203E239011150054253C /* images-27.jpeg in Resources */ = {isa = PBXBuildFile; fileRef = 66752020239011150054253C /* images-27.jpeg */; };
		6675203F239011150054253C /* images-5.jpeg in Resources */ = {isa = PBXBuildFile; fileRef = 66752021239011150054253C /* images-5.jpeg */; };
		66752040239011150054253C /* images-16.jpeg in Resources */ = {isa = PBXBuildFile; fileRef = 66752022239011150054253C /* images-16.jpeg */; };
		66752041239011150054253C /* images-9.jpeg in Resources */ = {isa = PBXBuildFile; fileRef = 66752023239011150054253C /* images-9.jpeg */; };
		66752042239011150054253C /* images-20.jpeg in Resources */ = {isa = PBXBuildFile; fileRef = 66752024239011150054253C /* images-20.jpeg */; };
		66752043239011150054253C /* images-21.jpeg in Resources */ = {isa = PBXBuildFile; fileRef = 66752025239011150054253C /* images-21.jpeg */; };
		66752044239011150054253C /* images-8.jpeg in Resources */ = {isa = PBXBuildFile; fileRef = 66752026239011150054253C /* images-8.jpeg */; };
		66752045239011150054253C /* images-17.jpeg in Resources */ = {isa = PBXBuildFile; fileRef = 66752027239011150054253C /* images-17.jpeg */; };
		66752046239011150054253C /* images-4.jpeg in Resources */ = {isa = PBXBuildFile; fileRef = 66752028239011150054253C /* images-4.jpeg */; };
		66752047239011150054253C /* images-14.jpeg in Resources */ = {isa = PBXBuildFile; fileRef = 66752029239011150054253C /* images-14.jpeg */; };
		66752048239011150054253C /* images-7.jpeg in Resources */ = {isa = PBXBuildFile; fileRef = 6675202A239011150054253C /* images-7.jpeg */; };
		66752049239011150054253C /* images-18.jpeg in Resources */ = {isa = PBXBuildFile; fileRef = 6675202B239011150054253C /* images-18.jpeg */; };
		6675204A239011150054253C /* images-22.jpeg in Resources */ = {isa = PBXBuildFile; fileRef = 6675202C239011150054253C /* images-22.jpeg */; };
		6675204B239011150054253C /* images-23.jpeg in Resources */ = {isa = PBXBuildFile; fileRef = 6675202D239011150054253C /* images-23.jpeg */; };
		6675204C239011150054253C /* images-19.jpeg in Resources */ = {isa = PBXBuildFile; fileRef = 6675202E239011150054253C /* images-19.jpeg */; };
		6675204D239011150054253C /* images-6.jpeg in Resources */ = {isa = PBXBuildFile; fileRef = 6675202F239011150054253C /* images-6.jpeg */; };
		6675204E239011150054253C /* images-15.jpeg in Resources */ = {isa = PBXBuildFile; fileRef = 66752030239011150054253C /* images-15.jpeg */; };
		6675204F239011150054253C /* images-24.jpeg in Resources */ = {isa = PBXBuildFile; fileRef = 66752031239011150054253C /* images-24.jpeg */; };
		66752050239011150054253C /* images-12.jpeg in Resources */ = {isa = PBXBuildFile; fileRef = 66752032239011150054253C /* images-12.jpeg */; };
		66752051239011150054253C /* images-28.jpeg in Resources */ = {isa = PBXBuildFile; fileRef = 66752033239011150054253C /* images-28.jpeg */; };
		66752052239011150054253C /* images-1.jpeg in Resources */ = {isa = PBXBuildFile; fileRef = 66752034239011150054253C /* images-1.jpeg */; };
		66752053239011150054253C /* images-29.jpeg in Resources */ = {isa = PBXBuildFile; fileRef = 66752035239011150054253C /* images-29.jpeg */; };
		66752054239011150054253C /* images-13.jpeg in Resources */ = {isa = PBXBuildFile; fileRef = 66752036239011150054253C /* images-13.jpeg */; };
		66752055239011150054253C /* images-25.jpeg in Resources */ = {isa = PBXBuildFile; fileRef = 66752037239011150054253C /* images-25.jpeg */; };
		6675205B2390116B0054253C /* UsersListViewController.m in Sources */ = {isa = PBXBuildFile; fileRef = 6675205A2390116B0054253C /* UsersListViewController.m */; };
		6675205E239011790054253C /* UsersTableViewCell.m in Sources */ = {isa = PBXBuildFile; fileRef = 6675205D239011790054253C /* UsersTableViewCell.m */; };
		667520612390118D0054253C /* UsersListViewController.storyboard in Resources */ = {isa = PBXBuildFile; fileRef = 667520602390118D0054253C /* UsersListViewController.storyboard */; };
		66752064239011A70054253C /* User.m in Sources */ = {isa = PBXBuildFile; fileRef = 66752063239011A70054253C /* User.m */; };
		668081EE238FCFC60036F289 /* AppDelegate.m in Sources */ = {isa = PBXBuildFile; fileRef = 668081ED238FCFC60036F289 /* AppDelegate.m */; };
		668081F1238FCFC60036F289 /* SceneDelegate.m in Sources */ = {isa = PBXBuildFile; fileRef = 668081F0238FCFC60036F289 /* SceneDelegate.m */; };
		668081F9238FCFC70036F289 /* Assets.xcassets in Resources */ = {isa = PBXBuildFile; fileRef = 668081F8238FCFC70036F289 /* Assets.xcassets */; };
		668081FC238FCFC70036F289 /* LaunchScreen.storyboard in Resources */ = {isa = PBXBuildFile; fileRef = 668081FA238FCFC70036F289 /* LaunchScreen.storyboard */; };
		668081FF238FCFC70036F289 /* main.m in Sources */ = {isa = PBXBuildFile; fileRef = 668081FE238FCFC70036F289 /* main.m */; };
/* End PBXBuildFile section */

/* Begin PBXFileReference section */
		6675201A239011150054253C /* images-30.jpeg */ = {isa = PBXFileReference; lastKnownFileType = image.jpeg; path = "images-30.jpeg"; sourceTree = "<group>"; };
		6675201B239011150054253C /* images-26.jpeg */ = {isa = PBXFileReference; lastKnownFileType = image.jpeg; path = "images-26.jpeg"; sourceTree = "<group>"; };
		6675201C239011150054253C /* images-3.jpeg */ = {isa = PBXFileReference; lastKnownFileType = image.jpeg; path = "images-3.jpeg"; sourceTree = "<group>"; };
		6675201D239011150054253C /* images-10.jpeg */ = {isa = PBXFileReference; lastKnownFileType = image.jpeg; path = "images-10.jpeg"; sourceTree = "<group>"; };
		6675201E239011150054253C /* images-11.jpeg */ = {isa = PBXFileReference; lastKnownFileType = image.jpeg; path = "images-11.jpeg"; sourceTree = "<group>"; };
		6675201F239011150054253C /* images-2.jpeg */ = {isa = PBXFileReference; lastKnownFileType = image.jpeg; path = "images-2.jpeg"; sourceTree = "<group>"; };
		66752020239011150054253C /* images-27.jpeg */ = {isa = PBXFileReference; lastKnownFileType = image.jpeg; path = "images-27.jpeg"; sourceTree = "<group>"; };
		66752021239011150054253C /* images-5.jpeg */ = {isa = PBXFileReference; lastKnownFileType = image.jpeg; path = "images-5.jpeg"; sourceTree = "<group>"; };
		66752022239011150054253C /* images-16.jpeg */ = {isa = PBXFileReference; lastKnownFileType = image.jpeg; path = "images-16.jpeg"; sourceTree = "<group>"; };
		66752023239011150054253C /* images-9.jpeg */ = {isa = PBXFileReference; lastKnownFileType = image.jpeg; path = "images-9.jpeg"; sourceTree = "<group>"; };
		66752024239011150054253C /* images-20.jpeg */ = {isa = PBXFileReference; lastKnownFileType = image.jpeg; path = "images-20.jpeg"; sourceTree = "<group>"; };
		66752025239011150054253C /* images-21.jpeg */ = {isa = PBXFileReference; lastKnownFileType = image.jpeg; path = "images-21.jpeg"; sourceTree = "<group>"; };
		66752026239011150054253C /* images-8.jpeg */ = {isa = PBXFileReference; lastKnownFileType = image.jpeg; path = "images-8.jpeg"; sourceTree = "<group>"; };
		66752027239011150054253C /* images-17.jpeg */ = {isa = PBXFileReference; lastKnownFileType = image.jpeg; path = "images-17.jpeg"; sourceTree = "<group>"; };
		66752028239011150054253C /* images-4.jpeg */ = {isa = PBXFileReference; lastKnownFileType = image.jpeg; path = "images-4.jpeg"; sourceTree = "<group>"; };
		66752029239011150054253C /* images-14.jpeg */ = {isa = PBXFileReference; lastKnownFileType = image.jpeg; path = "images-14.jpeg"; sourceTree = "<group>"; };
		6675202A239011150054253C /* images-7.jpeg */ = {isa = PBXFileReference; lastKnownFileType = image.jpeg; path = "images-7.jpeg"; sourceTree = "<group>"; };
		6675202B239011150054253C /* images-18.jpeg */ = {isa = PBXFileReference; lastKnownFileType = image.jpeg; path = "images-18.jpeg"; sourceTree = "<group>"; };
		6675202C239011150054253C /* images-22.jpeg */ = {isa = PBXFileReference; lastKnownFileType = image.jpeg; path = "images-22.jpeg"; sourceTree = "<group>"; };
		6675202D239011150054253C /* images-23.jpeg */ = {isa = PBXFileReference; lastKnownFileType = image.jpeg; path = "images-23.jpeg"; sourceTree = "<group>"; };
		6675202E239011150054253C /* images-19.jpeg */ = {isa = PBXFileReference; lastKnownFileType = image.jpeg; path = "images-19.jpeg"; sourceTree = "<group>"; };
		6675202F239011150054253C /* images-6.jpeg */ = {isa = PBXFileReference; lastKnownFileType = image.jpeg; path = "images-6.jpeg"; sourceTree = "<group>"; };
		66752030239011150054253C /* images-15.jpeg */ = {isa = PBXFileReference; lastKnownFileType = image.jpeg; path = "images-15.jpeg"; sourceTree = "<group>"; };
		66752031239011150054253C /* images-24.jpeg */ = {isa = PBXFileReference; lastKnownFileType = image.jpeg; path = "images-24.jpeg"; sourceTree = "<group>"; };
		66752032239011150054253C /* images-12.jpeg */ = {isa = PBXFileReference; lastKnownFileType = image.jpeg; path = "images-12.jpeg"; sourceTree = "<group>"; };
		66752033239011150054253C /* images-28.jpeg */ = {isa = PBXFileReference; lastKnownFileType = image.jpeg; path = "images-28.jpeg"; sourceTree = "<group>"; };
		66752034239011150054253C /* images-1.jpeg */ = {isa = PBXFileReference; lastKnownFileType = image.jpeg; path = "images-1.jpeg"; sourceTree = "<group>"; };
		66752035239011150054253C /* images-29.jpeg */ = {isa = PBXFileReference; lastKnownFileType = image.jpeg; path = "images-29.jpeg"; sourceTree = "<group>"; };
		66752036239011150054253C /* images-13.jpeg */ = {isa = PBXFileReference; lastKnownFileType = image.jpeg; path = "images-13.jpeg"; sourceTree = "<group>"; };
		66752037239011150054253C /* images-25.jpeg */ = {isa = PBXFileReference; lastKnownFileType = image.jpeg; path = "images-25.jpeg"; sourceTree = "<group>"; };
		667520592390116B0054253C /* UsersListViewController.h */ = {isa = PBXFileReference; fileEncoding = 4; lastKnownFileType = sourcecode.c.h; path = UsersListViewController.h; sourceTree = "<group>"; };
		6675205A2390116B0054253C /* UsersListViewController.m */ = {isa = PBXFileReference; fileEncoding = 4; lastKnownFileType = sourcecode.c.objc; name = UsersListViewController.m; path = ../../../Reminders/Reminders/Controllers/UsersListViewController.m; sourceTree = "<group>"; };
		6675205C239011790054253C /* UsersTableViewCell.h */ = {isa = PBXFileReference; fileEncoding = 4; lastKnownFileType = sourcecode.c.h; path = UsersTableViewCell.h; sourceTree = "<group>"; };
		6675205D239011790054253C /* UsersTableViewCell.m */ = {isa = PBXFileReference; fileEncoding = 4; lastKnownFileType = sourcecode.c.objc; path = UsersTableViewCell.m; sourceTree = "<group>"; };
		667520602390118D0054253C /* UsersListViewController.storyboard */ = {isa = PBXFileReference; fileEncoding = 4; lastKnownFileType = file.storyboard; name = UsersListViewController.storyboard; path = ../../../Reminders/Reminders/Views/UsersListViewController.storyboard; sourceTree = "<group>"; };
		667520622390119D0054253C /* User.h */ = {isa = PBXFileReference; lastKnownFileType = sourcecode.c.h; path = User.h; sourceTree = "<group>"; };
		66752063239011A70054253C /* User.m */ = {isa = PBXFileReference; lastKnownFileType = sourcecode.c.objc; path = User.m; sourceTree = "<group>"; };
		668081E9238FCFC60036F289 /* PictureSlippingTableViewCells.app */ = {isa = PBXFileReference; explicitFileType = wrapper.application; includeInIndex = 0; path = PictureSlippingTableViewCells.app; sourceTree = BUILT_PRODUCTS_DIR; };
		668081EC238FCFC60036F289 /* AppDelegate.h */ = {isa = PBXFileReference; lastKnownFileType = sourcecode.c.h; path = AppDelegate.h; sourceTree = "<group>"; };
		668081ED238FCFC60036F289 /* AppDelegate.m */ = {isa = PBXFileReference; lastKnownFileType = sourcecode.c.objc; path = AppDelegate.m; sourceTree = "<group>"; };
		668081EF238FCFC60036F289 /* SceneDelegate.h */ = {isa = PBXFileReference; lastKnownFileType = sourcecode.c.h; path = SceneDelegate.h; sourceTree = "<group>"; };
		668081F0238FCFC60036F289 /* SceneDelegate.m */ = {isa = PBXFileReference; lastKnownFileType = sourcecode.c.objc; path = SceneDelegate.m; sourceTree = "<group>"; };
		668081F8238FCFC70036F289 /* Assets.xcassets */ = {isa = PBXFileReference; lastKnownFileType = folder.assetcatalog; path = Assets.xcassets; sourceTree = "<group>"; };
		668081FB238FCFC70036F289 /* Base */ = {isa = PBXFileReference; lastKnownFileType = file.storyboard; name = Base; path = Base.lproj/LaunchScreen.storyboard; sourceTree = "<group>"; };
		668081FD238FCFC70036F289 /* Info.plist */ = {isa = PBXFileReference; lastKnownFileType = text.plist.xml; path = Info.plist; sourceTree = "<group>"; };
		668081FE238FCFC70036F289 /* main.m */ = {isa = PBXFileReference; lastKnownFileType = sourcecode.c.objc; path = main.m; sourceTree = "<group>"; };
/* End PBXFileReference section */

/* Begin PBXFrameworksBuildPhase section */
		668081E6238FCFC60036F289 /* Frameworks */ = {
			isa = PBXFrameworksBuildPhase;
			buildActionMask = 2147483647;
			files = (
			);
			runOnlyForDeploymentPostprocessing = 0;
		};
/* End PBXFrameworksBuildPhase section */

/* Begin PBXGroup section */
		66752019239011150054253C /* Images */ = {
			isa = PBXGroup;
			children = (
				66752034239011150054253C /* images-1.jpeg */,
				6675201F239011150054253C /* images-2.jpeg */,
				6675201C239011150054253C /* images-3.jpeg */,
				66752028239011150054253C /* images-4.jpeg */,
				66752021239011150054253C /* images-5.jpeg */,
				6675202F239011150054253C /* images-6.jpeg */,
				6675202A239011150054253C /* images-7.jpeg */,
				66752026239011150054253C /* images-8.jpeg */,
				66752023239011150054253C /* images-9.jpeg */,
				6675201D239011150054253C /* images-10.jpeg */,
				6675201E239011150054253C /* images-11.jpeg */,
				66752032239011150054253C /* images-12.jpeg */,
				66752036239011150054253C /* images-13.jpeg */,
				66752029239011150054253C /* images-14.jpeg */,
				66752030239011150054253C /* images-15.jpeg */,
				66752022239011150054253C /* images-16.jpeg */,
				66752027239011150054253C /* images-17.jpeg */,
				6675202B239011150054253C /* images-18.jpeg */,
				6675202E239011150054253C /* images-19.jpeg */,
				66752024239011150054253C /* images-20.jpeg */,
				66752025239011150054253C /* images-21.jpeg */,
				6675202C239011150054253C /* images-22.jpeg */,
				6675202D239011150054253C /* images-23.jpeg */,
				66752031239011150054253C /* images-24.jpeg */,
				66752037239011150054253C /* images-25.jpeg */,
				6675201B239011150054253C /* images-26.jpeg */,
				66752020239011150054253C /* images-27.jpeg */,
				66752033239011150054253C /* images-28.jpeg */,
				66752035239011150054253C /* images-29.jpeg */,
				6675201A239011150054253C /* images-30.jpeg */,
			);
			path = Images;
			sourceTree = "<group>";
		};
		667520562390111A0054253C /* Models */ = {
			isa = PBXGroup;
			children = (
				667520622390119D0054253C /* User.h */,
				66752063239011A70054253C /* User.m */,
			);
			path = Models;
			sourceTree = "<group>";
		};
		66752057239011280054253C /* Views */ = {
			isa = PBXGroup;
			children = (
				667520602390118D0054253C /* UsersListViewController.storyboard */,
			);
			path = Views;
			sourceTree = "<group>";
		};
		667520582390112D0054253C /* Controllers */ = {
			isa = PBXGroup;
			children = (
				6675205F2390117C0054253C /* Cells */,
				667520592390116B0054253C /* UsersListViewController.h */,
				6675205A2390116B0054253C /* UsersListViewController.m */,
			);
			path = Controllers;
			sourceTree = "<group>";
		};
		6675205F2390117C0054253C /* Cells */ = {
			isa = PBXGroup;
			children = (
				6675205C239011790054253C /* UsersTableViewCell.h */,
				6675205D239011790054253C /* UsersTableViewCell.m */,
			);
			path = Cells;
			sourceTree = "<group>";
		};
		668081E0238FCFC60036F289 = {
			isa = PBXGroup;
			children = (
				668081EB238FCFC60036F289 /* PictureSlippingTableViewCells */,
				668081EA238FCFC60036F289 /* Products */,
			);
			sourceTree = "<group>";
		};
		668081EA238FCFC60036F289 /* Products */ = {
			isa = PBXGroup;
			children = (
				668081E9238FCFC60036F289 /* PictureSlippingTableViewCells.app */,
			);
			name = Products;
			sourceTree = "<group>";
		};
		668081EB238FCFC60036F289 /* PictureSlippingTableViewCells */ = {
			isa = PBXGroup;
			children = (
				668081EC238FCFC60036F289 /* AppDelegate.h */,
				668081ED238FCFC60036F289 /* AppDelegate.m */,
				668081EF238FCFC60036F289 /* SceneDelegate.h */,
				668081F0238FCFC60036F289 /* SceneDelegate.m */,
				668081F8238FCFC70036F289 /* Assets.xcassets */,
				667520562390111A0054253C /* Models */,
				66752057239011280054253C /* Views */,
				667520582390112D0054253C /* Controllers */,
				66752019239011150054253C /* Images */,
				668081FA238FCFC70036F289 /* LaunchScreen.storyboard */,
				668081FD238FCFC70036F289 /* Info.plist */,
				668081FE238FCFC70036F289 /* main.m */,
			);
			path = PictureSlippingTableViewCells;
			sourceTree = "<group>";
		};
/* End PBXGroup section */

/* Begin PBXNativeTarget section */
		668081E8238FCFC60036F289 /* PictureSlippingTableViewCells */ = {
			isa = PBXNativeTarget;
			buildConfigurationList = 66808202238FCFC70036F289 /* Build configuration list for PBXNativeTarget "PictureSlippingTableViewCells" */;
			buildPhases = (
				668081E5238FCFC60036F289 /* Sources */,
				668081E6238FCFC60036F289 /* Frameworks */,
				668081E7238FCFC60036F289 /* Resources */,
			);
			buildRules = (
			);
			dependencies = (
			);
			name = PictureSlippingTableViewCells;
			productName = PictureSlippingTableViewCells;
			productReference = 668081E9238FCFC60036F289 /* PictureSlippingTableViewCells.app */;
			productType = "com.apple.product-type.application";
		};
/* End PBXNativeTarget section */

/* Begin PBXProject section */
		668081E1238FCFC60036F289 /* Project object */ = {
			isa = PBXProject;
			attributes = {
				LastUpgradeCheck = 1120;
				ORGANIZATIONNAME = "Ostap Tyvonovych";
				TargetAttributes = {
					668081E8238FCFC60036F289 = {
						CreatedOnToolsVersion = 11.2.1;
						LastSwiftMigration = 1120;
					};
				};
			};
			buildConfigurationList = 668081E4238FCFC60036F289 /* Build configuration list for PBXProject "PictureSlippingTableViewCells" */;
			compatibilityVersion = "Xcode 9.3";
			developmentRegion = en;
			hasScannedForEncodings = 0;
			knownRegions = (
				en,
				Base,
			);
			mainGroup = 668081E0238FCFC60036F289;
			productRefGroup = 668081EA238FCFC60036F289 /* Products */;
			projectDirPath = "";
			projectRoot = "";
			targets = (
				668081E8238FCFC60036F289 /* PictureSlippingTableViewCells */,
			);
		};
/* End PBXProject section */

/* Begin PBXResourcesBuildPhase section */
		668081E7238FCFC60036F289 /* Resources */ = {
			isa = PBXResourcesBuildPhase;
			buildActionMask = 2147483647;
			files = (
				66752046239011150054253C /* images-4.jpeg in Resources */,
				667520612390118D0054253C /* UsersListViewController.storyboard in Resources */,
				6675204E239011150054253C /* images-15.jpeg in Resources */,
				6675203C239011150054253C /* images-11.jpeg in Resources */,
				66752041239011150054253C /* images-9.jpeg in Resources */,
				66752043239011150054253C /* images-21.jpeg in Resources */,
				66752052239011150054253C /* images-1.jpeg in Resources */,
				66752040239011150054253C /* images-16.jpeg in Resources */,
				66752044239011150054253C /* images-8.jpeg in Resources */,
				6675204C239011150054253C /* images-19.jpeg in Resources */,
				66752049239011150054253C /* images-18.jpeg in Resources */,
				6675204F239011150054253C /* images-24.jpeg in Resources */,
				668081FC238FCFC70036F289 /* LaunchScreen.storyboard in Resources */,
				66752055239011150054253C /* images-25.jpeg in Resources */,
				6675204B239011150054253C /* images-23.jpeg in Resources */,
				6675204D239011150054253C /* images-6.jpeg in Resources */,
				66752039239011150054253C /* images-26.jpeg in Resources */,
				6675203B239011150054253C /* images-10.jpeg in Resources */,
				6675204A239011150054253C /* images-22.jpeg in Resources */,
				668081F9238FCFC70036F289 /* Assets.xcassets in Resources */,
				66752042239011150054253C /* images-20.jpeg in Resources */,
				66752038239011150054253C /* images-30.jpeg in Resources */,
				66752050239011150054253C /* images-12.jpeg in Resources */,
				66752047239011150054253C /* images-14.jpeg in Resources */,
				6675203E239011150054253C /* images-27.jpeg in Resources */,
				66752054239011150054253C /* images-13.jpeg in Resources */,
				6675203D239011150054253C /* images-2.jpeg in Resources */,
				66752051239011150054253C /* images-28.jpeg in Resources */,
				66752045239011150054253C /* images-17.jpeg in Resources */,
				66752053239011150054253C /* images-29.jpeg in Resources */,
				66752048239011150054253C /* images-7.jpeg in Resources */,
				6675203A239011150054253C /* images-3.jpeg in Resources */,
				6675203F239011150054253C /* images-5.jpeg in Resources */,
			);
			runOnlyForDeploymentPostprocessing = 0;
		};
/* End PBXResourcesBuildPhase section */

/* Begin PBXSourcesBuildPhase section */
		668081E5238FCFC60036F289 /* Sources */ = {
			isa = PBXSourcesBuildPhase;
			buildActionMask = 2147483647;
			files = (
				668081EE238FCFC60036F289 /* AppDelegate.m in Sources */,
				6675205B2390116B0054253C /* UsersListViewController.m in Sources */,
				66752064239011A70054253C /* User.m in Sources */,
				668081FF238FCFC70036F289 /* main.m in Sources */,
				668081F1238FCFC60036F289 /* SceneDelegate.m in Sources */,
				6675205E239011790054253C /* UsersTableViewCell.m in Sources */,
			);
			runOnlyForDeploymentPostprocessing = 0;
		};
/* End PBXSourcesBuildPhase section */

/* Begin PBXVariantGroup section */
		668081FA238FCFC70036F289 /* LaunchScreen.storyboard */ = {
			isa = PBXVariantGroup;
			children = (
				668081FB238FCFC70036F289 /* Base */,
			);
			name = LaunchScreen.storyboard;
			sourceTree = "<group>";
		};
/* End PBXVariantGroup section */

/* Begin XCBuildConfiguration section */
		66808200238FCFC70036F289 /* Debug */ = {
			isa = XCBuildConfiguration;
			buildSettings = {
				ALWAYS_SEARCH_USER_PATHS = NO;
				CLANG_ANALYZER_NONNULL = YES;
				CLANG_ANALYZER_NUMBER_OBJECT_CONVERSION = YES_AGGRESSIVE;
				CLANG_CXX_LANGUAGE_STANDARD = "gnu++14";
				CLANG_CXX_LIBRARY = "libc++";
				CLANG_ENABLE_MODULES = YES;
				CLANG_ENABLE_OBJC_ARC = YES;
				CLANG_ENABLE_OBJC_WEAK = YES;
				CLANG_WARN_BLOCK_CAPTURE_AUTORELEASING = YES;
				CLANG_WARN_BOOL_CONVERSION = YES;
				CLANG_WARN_COMMA = YES;
				CLANG_WARN_CONSTANT_CONVERSION = YES;
				CLANG_WARN_DEPRECATED_OBJC_IMPLEMENTATIONS = YES;
				CLANG_WARN_DIRECT_OBJC_ISA_USAGE = YES_ERROR;
				CLANG_WARN_DOCUMENTATION_COMMENTS = YES;
				CLANG_WARN_EMPTY_BODY = YES;
				CLANG_WARN_ENUM_CONVERSION = YES;
				CLANG_WARN_INFINITE_RECURSION = YES;
				CLANG_WARN_INT_CONVERSION = YES;
				CLANG_WARN_NON_LITERAL_NULL_CONVERSION = YES;
				CLANG_WARN_OBJC_IMPLICIT_RETAIN_SELF = YES;
				CLANG_WARN_OBJC_LITERAL_CONVERSION = YES;
				CLANG_WARN_OBJC_ROOT_CLASS = YES_ERROR;
				CLANG_WARN_RANGE_LOOP_ANALYSIS = YES;
				CLANG_WARN_STRICT_PROTOTYPES = YES;
				CLANG_WARN_SUSPICIOUS_MOVE = YES;
				CLANG_WARN_UNGUARDED_AVAILABILITY = YES_AGGRESSIVE;
				CLANG_WARN_UNREACHABLE_CODE = YES;
				CLANG_WARN__DUPLICATE_METHOD_MATCH = YES;
				COPY_PHASE_STRIP = NO;
				DEBUG_INFORMATION_FORMAT = dwarf;
				ENABLE_STRICT_OBJC_MSGSEND = YES;
				ENABLE_TESTABILITY = YES;
				GCC_C_LANGUAGE_STANDARD = gnu11;
				GCC_DYNAMIC_NO_PIC = NO;
				GCC_NO_COMMON_BLOCKS = YES;
				GCC_OPTIMIZATION_LEVEL = 0;
				GCC_PREPROCESSOR_DEFINITIONS = (
					"DEBUG=1",
					"$(inherited)",
				);
				GCC_WARN_64_TO_32_BIT_CONVERSION = YES;
				GCC_WARN_ABOUT_RETURN_TYPE = YES_ERROR;
				GCC_WARN_UNDECLARED_SELECTOR = YES;
				GCC_WARN_UNINITIALIZED_AUTOS = YES_AGGRESSIVE;
				GCC_WARN_UNUSED_FUNCTION = YES;
				GCC_WARN_UNUSED_VARIABLE = YES;
				IPHONEOS_DEPLOYMENT_TARGET = 13.2;
				MTL_ENABLE_DEBUG_INFO = INCLUDE_SOURCE;
				MTL_FAST_MATH = YES;
				ONLY_ACTIVE_ARCH = YES;
				SDKROOT = iphoneos;
			};
			name = Debug;
		};
		66808201238FCFC70036F289 /* Release */ = {
			isa = XCBuildConfiguration;
			buildSettings = {
				ALWAYS_SEARCH_USER_PATHS = NO;
				CLANG_ANALYZER_NONNULL = YES;
				CLANG_ANALYZER_NUMBER_OBJECT_CONVERSION = YES_AGGRESSIVE;
				CLANG_CXX_LANGUAGE_STANDARD = "gnu++14";
				CLANG_CXX_LIBRARY = "libc++";
				CLANG_ENABLE_MODULES = YES;
				CLANG_ENABLE_OBJC_ARC = YES;
				CLANG_ENABLE_OBJC_WEAK = YES;
				CLANG_WARN_BLOCK_CAPTURE_AUTORELEASING = YES;
				CLANG_WARN_BOOL_CONVERSION = YES;
				CLANG_WARN_COMMA = YES;
				CLANG_WARN_CONSTANT_CONVERSION = YES;
				CLANG_WARN_DEPRECATED_OBJC_IMPLEMENTATIONS = YES;
				CLANG_WARN_DIRECT_OBJC_ISA_USAGE = YES_ERROR;
				CLANG_WARN_DOCUMENTATION_COMMENTS = YES;
				CLANG_WARN_EMPTY_BODY = YES;
				CLANG_WARN_ENUM_CONVERSION = YES;
				CLANG_WARN_INFINITE_RECURSION = YES;
				CLANG_WARN_INT_CONVERSION = YES;
				CLANG_WARN_NON_LITERAL_NULL_CONVERSION = YES;
				CLANG_WARN_OBJC_IMPLICIT_RETAIN_SELF = YES;
				CLANG_WARN_OBJC_LITERAL_CONVERSION = YES;
				CLANG_WARN_OBJC_ROOT_CLASS = YES_ERROR;
				CLANG_WARN_RANGE_LOOP_ANALYSIS = YES;
				CLANG_WARN_STRICT_PROTOTYPES = YES;
				CLANG_WARN_SUSPICIOUS_MOVE = YES;
				CLANG_WARN_UNGUARDED_AVAILABILITY = YES_AGGRESSIVE;
				CLANG_WARN_UNREACHABLE_CODE = YES;
				CLANG_WARN__DUPLICATE_METHOD_MATCH = YES;
				COPY_PHASE_STRIP = NO;
				DEBUG_INFORMATION_FORMAT = "dwarf-with-dsym";
				ENABLE_NS_ASSERTIONS = NO;
				ENABLE_STRICT_OBJC_MSGSEND = YES;
				GCC_C_LANGUAGE_STANDARD = gnu11;
				GCC_NO_COMMON_BLOCKS = YES;
				GCC_WARN_64_TO_32_BIT_CONVERSION = YES;
				GCC_WARN_ABOUT_RETURN_TYPE = YES_ERROR;
				GCC_WARN_UNDECLARED_SELECTOR = YES;
				GCC_WARN_UNINITIALIZED_AUTOS = YES_AGGRESSIVE;
				GCC_WARN_UNUSED_FUNCTION = YES;
				GCC_WARN_UNUSED_VARIABLE = YES;
				IPHONEOS_DEPLOYMENT_TARGET = 13.2;
				MTL_ENABLE_DEBUG_INFO = NO;
				MTL_FAST_MATH = YES;
				SDKROOT = iphoneos;
				VALIDATE_PRODUCT = YES;
			};
			name = Release;
		};
		66808203238FCFC70036F289 /* Debug */ = {
			isa = XCBuildConfiguration;
			buildSettings = {
				ASSETCATALOG_COMPILER_APPICON_NAME = AppIcon;
				CLANG_ENABLE_MODULES = YES;
				CODE_SIGN_STYLE = Automatic;
				INFOPLIST_FILE = PictureSlippingTableViewCells/Info.plist;
				LD_RUNPATH_SEARCH_PATHS = (
					"$(inherited)",
					"@executable_path/Frameworks",
				);
				PRODUCT_BUNDLE_IDENTIFIER = "Ostap-Tyvonovych.PictureSlippingTableViewCells";
				PRODUCT_NAME = "$(TARGET_NAME)";
				SWIFT_OPTIMIZATION_LEVEL = "-Onone";
				SWIFT_VERSION = 5.0;
				TARGETED_DEVICE_FAMILY = "1,2";
			};
			name = Debug;
		};
		66808204238FCFC70036F289 /* Release */ = {
			isa = XCBuildConfiguration;
			buildSettings = {
				ASSETCATALOG_COMPILER_APPICON_NAME = AppIcon;
				CLANG_ENABLE_MODULES = YES;
				CODE_SIGN_STYLE = Automatic;
				INFOPLIST_FILE = PictureSlippingTableViewCells/Info.plist;
				LD_RUNPATH_SEARCH_PATHS = (
					"$(inherited)",
					"@executable_path/Frameworks",
				);
				PRODUCT_BUNDLE_IDENTIFIER = "Ostap-Tyvonovych.PictureSlippingTableViewCells";
				PRODUCT_NAME = "$(TARGET_NAME)";
				SWIFT_VERSION = 5.0;
				TARGETED_DEVICE_FAMILY = "1,2";
			};
			name = Release;
		};
/* End XCBuildConfiguration section */

/* Begin XCConfigurationList section */
		668081E4238FCFC60036F289 /* Build configuration list for PBXProject "PictureSlippingTableViewCells" */ = {
			isa = XCConfigurationList;
			buildConfigurations = (
				66808200238FCFC70036F289 /* Debug */,
				66808201238FCFC70036F289 /* Release */,
			);
			defaultConfigurationIsVisible = 0;
			defaultConfigurationName = Release;
		};
		66808202238FCFC70036F289 /* Build configuration list for PBXNativeTarget "PictureSlippingTableViewCells" */ = {
			isa = XCConfigurationList;
			buildConfigurations = (
				66808203238FCFC70036F289 /* Debug */,
				66808204238FCFC70036F289 /* Release */,
			);
			defaultConfigurationIsVisible = 0;
			defaultConfigurationName = Release;
		};
/* End XCConfigurationList section */
	};
	rootObject = 668081E1238FCFC60036F289 /* Project object */;
}
