// !$*UTF8*$!
{
	archiveVersion = 1;
	classes = {
	};
	objectVersion = 50;
	objects = {

/* Begin PBXBuildFile section */
		660E578823ABB22700A31913 /* RIDot.m in Sources */ = {isa = PBXBuildFile; fileRef = 660E578723ABB22700A31913 /* RIDot.m */; };
		661648B123B79B3D00A655A3 /* UIColor+Constants.m in Sources */ = {isa = PBXBuildFile; fileRef = 661648B023B79B3D00A655A3 /* UIColor+Constants.m */; };
		661648B523B79D6A00A655A3 /* NSString+Constants.m in Sources */ = {isa = PBXBuildFile; fileRef = 661648B423B79D6A00A655A3 /* NSString+Constants.m */; };
		66336AFD23B512FF00553D25 /* Icons.xcassets in Resources */ = {isa = PBXBuildFile; fileRef = 66336AFC23B512FF00553D25 /* Icons.xcassets */; };
		66336B0023B5150300553D25 /* UIColor+HexInit.m in Sources */ = {isa = PBXBuildFile; fileRef = 66336AFF23B5150300553D25 /* UIColor+HexInit.m */; };
		66445F8B23B6720F0040F6A6 /* RIDotsControl.xib in Resources */ = {isa = PBXBuildFile; fileRef = 66445F8A23B6720F0040F6A6 /* RIDotsControl.xib */; };
		6656EEEC23B6355000C74B81 /* RIDotsControl.m in Sources */ = {isa = PBXBuildFile; fileRef = 6656EEEB23B6355000C74B81 /* RIDotsControl.m */; };
		6663A74323B5257200C11100 /* faceIdIcon@3x.png in Resources */ = {isa = PBXBuildFile; fileRef = 6663A74023B5257200C11100 /* faceIdIcon@3x.png */; };
		6663A74423B5257200C11100 /* faceIdIcon@1x.png in Resources */ = {isa = PBXBuildFile; fileRef = 6663A74123B5257200C11100 /* faceIdIcon@1x.png */; };
		6663A74523B5257200C11100 /* faceIdIcon@2x.png in Resources */ = {isa = PBXBuildFile; fileRef = 6663A74223B5257200C11100 /* faceIdIcon@2x.png */; };
		6663A74923B5257D00C11100 /* touchIdIcon@2x.png in Resources */ = {isa = PBXBuildFile; fileRef = 6663A74623B5257D00C11100 /* touchIdIcon@2x.png */; };
		6663A74A23B5257D00C11100 /* touchIdIcon@3x.png in Resources */ = {isa = PBXBuildFile; fileRef = 6663A74723B5257D00C11100 /* touchIdIcon@3x.png */; };
		6663A74B23B5257D00C11100 /* touchIdIcon@1x.png in Resources */ = {isa = PBXBuildFile; fileRef = 6663A74823B5257D00C11100 /* touchIdIcon@1x.png */; };
		6679BABE23856B8600D05FAD /* AppDelegate.m in Sources */ = {isa = PBXBuildFile; fileRef = 6679BABD23856B8600D05FAD /* AppDelegate.m */; };
		6679BAC123856B8600D05FAD /* SceneDelegate.m in Sources */ = {isa = PBXBuildFile; fileRef = 6679BAC023856B8600D05FAD /* SceneDelegate.m */; };
		6679BAC423856B8600D05FAD /* RITasksListViewController.m in Sources */ = {isa = PBXBuildFile; fileRef = 6679BAC323856B8600D05FAD /* RITasksListViewController.m */; };
		6679BAC923856B8700D05FAD /* Assets.xcassets in Resources */ = {isa = PBXBuildFile; fileRef = 6679BAC823856B8700D05FAD /* Assets.xcassets */; };
		6679BACC23856B8700D05FAD /* RILaunchScreen.storyboard in Resources */ = {isa = PBXBuildFile; fileRef = 6679BACA23856B8700D05FAD /* RILaunchScreen.storyboard */; };
		6679BACF23856B8700D05FAD /* main.m in Sources */ = {isa = PBXBuildFile; fileRef = 6679BACE23856B8700D05FAD /* main.m */; };
		6694CFEE23ABAC8800575602 /* RILockScreenViewController.storyboard in Resources */ = {isa = PBXBuildFile; fileRef = 6694CFED23ABAC8800575602 /* RILockScreenViewController.storyboard */; };
		6694CFF123ABACA000575602 /* RILockScreenViewController.m in Sources */ = {isa = PBXBuildFile; fileRef = 6694CFF023ABACA000575602 /* RILockScreenViewController.m */; };
		66B217D023B276530010D4B8 /* UIImage+ImageWithImageScaledToSize.m in Sources */ = {isa = PBXBuildFile; fileRef = 66B217CF23B276530010D4B8 /* UIImage+ImageWithImageScaledToSize.m */; };
		66B217D323B277600010D4B8 /* RINumberPad.m in Sources */ = {isa = PBXBuildFile; fileRef = 66B217D223B277600010D4B8 /* RINumberPad.m */; };
		66B217D623B2785F0010D4B8 /* RINumberPad.xib in Resources */ = {isa = PBXBuildFile; fileRef = 66B217D523B2785F0010D4B8 /* RINumberPad.xib */; };
		66BBBE992387F53000644D44 /* RITasksListViewController.storyboard in Resources */ = {isa = PBXBuildFile; fileRef = 66BBBE982387F53000644D44 /* RITasksListViewController.storyboard */; };
		66C2CEF723B23545002C2104 /* RINumberPadButton.m in Sources */ = {isa = PBXBuildFile; fileRef = 66C2CEF623B23545002C2104 /* RINumberPadButton.m */; };
		66F530C123880D0500BB2E58 /* ReminderTableViewCell.m in Sources */ = {isa = PBXBuildFile; fileRef = 66F530C023880D0500BB2E58 /* ReminderTableViewCell.m */; };
		66F530C3238818DD00BB2E58 /* RIReminder.m in Sources */ = {isa = PBXBuildFile; fileRef = 66F530C2238818DD00BB2E58 /* RIReminder.m */; };
		847D7C1B2389E597004B008F /* RICreateReminderViewController.storyboard in Resources */ = {isa = PBXBuildFile; fileRef = 847D7C1A2389E597004B008F /* RICreateReminderViewController.storyboard */; };
		847D7C1E2389E5BE004B008F /* RICreateReminderViewController.m in Sources */ = {isa = PBXBuildFile; fileRef = 847D7C1D2389E5BE004B008F /* RICreateReminderViewController.m */; };
		84ACA6F2238A802A00DC8A90 /* RIDetailViewController.storyboard in Resources */ = {isa = PBXBuildFile; fileRef = 84ACA6F1238A802A00DC8A90 /* RIDetailViewController.storyboard */; };
		84ACA6F5238A80D400DC8A90 /* RIDetailViewController.m in Sources */ = {isa = PBXBuildFile; fileRef = 84ACA6F4238A80D400DC8A90 /* RIDetailViewController.m */; };
/* End PBXBuildFile section */

/* Begin PBXFileReference section */
		660AF2BE23B4E5CA00390BFE /* RINumberPadDelegate.h */ = {isa = PBXFileReference; lastKnownFileType = sourcecode.c.h; path = RINumberPadDelegate.h; sourceTree = "<group>"; };
		660E578623ABB22700A31913 /* RIDot.h */ = {isa = PBXFileReference; lastKnownFileType = sourcecode.c.h; path = RIDot.h; sourceTree = "<group>"; };
		660E578723ABB22700A31913 /* RIDot.m */ = {isa = PBXFileReference; lastKnownFileType = sourcecode.c.objc; path = RIDot.m; sourceTree = "<group>"; };
		661648AF23B79B3D00A655A3 /* UIColor+Constants.h */ = {isa = PBXFileReference; lastKnownFileType = sourcecode.c.h; path = "UIColor+Constants.h"; sourceTree = "<group>"; };
		661648B023B79B3D00A655A3 /* UIColor+Constants.m */ = {isa = PBXFileReference; lastKnownFileType = sourcecode.c.objc; path = "UIColor+Constants.m"; sourceTree = "<group>"; };
		661648B323B79D6A00A655A3 /* NSString+Constants.h */ = {isa = PBXFileReference; lastKnownFileType = sourcecode.c.h; path = "NSString+Constants.h"; sourceTree = "<group>"; };
		661648B423B79D6A00A655A3 /* NSString+Constants.m */ = {isa = PBXFileReference; lastKnownFileType = sourcecode.c.objc; path = "NSString+Constants.m"; sourceTree = "<group>"; };
		66336AFC23B512FF00553D25 /* Icons.xcassets */ = {isa = PBXFileReference; lastKnownFileType = folder.assetcatalog; path = Icons.xcassets; sourceTree = "<group>"; };
		66336AFE23B5150300553D25 /* UIColor+HexInit.h */ = {isa = PBXFileReference; lastKnownFileType = sourcecode.c.h; path = "UIColor+HexInit.h"; sourceTree = "<group>"; };
		66336AFF23B5150300553D25 /* UIColor+HexInit.m */ = {isa = PBXFileReference; lastKnownFileType = sourcecode.c.objc; path = "UIColor+HexInit.m"; sourceTree = "<group>"; };
		66445F8A23B6720F0040F6A6 /* RIDotsControl.xib */ = {isa = PBXFileReference; lastKnownFileType = file.xib; path = RIDotsControl.xib; sourceTree = "<group>"; };
		6656EEEA23B6355000C74B81 /* RIDotsControl.h */ = {isa = PBXFileReference; lastKnownFileType = sourcecode.c.h; path = RIDotsControl.h; sourceTree = "<group>"; };
		6656EEEB23B6355000C74B81 /* RIDotsControl.m */ = {isa = PBXFileReference; lastKnownFileType = sourcecode.c.objc; path = RIDotsControl.m; sourceTree = "<group>"; };
		6663A74023B5257200C11100 /* faceIdIcon@3x.png */ = {isa = PBXFileReference; lastKnownFileType = image.png; path = "faceIdIcon@3x.png"; sourceTree = "<group>"; };
		6663A74123B5257200C11100 /* faceIdIcon@1x.png */ = {isa = PBXFileReference; lastKnownFileType = image.png; path = "faceIdIcon@1x.png"; sourceTree = "<group>"; };
		6663A74223B5257200C11100 /* faceIdIcon@2x.png */ = {isa = PBXFileReference; lastKnownFileType = image.png; path = "faceIdIcon@2x.png"; sourceTree = "<group>"; };
		6663A74623B5257D00C11100 /* touchIdIcon@2x.png */ = {isa = PBXFileReference; lastKnownFileType = image.png; path = "touchIdIcon@2x.png"; sourceTree = "<group>"; };
		6663A74723B5257D00C11100 /* touchIdIcon@3x.png */ = {isa = PBXFileReference; lastKnownFileType = image.png; path = "touchIdIcon@3x.png"; sourceTree = "<group>"; };
		6663A74823B5257D00C11100 /* touchIdIcon@1x.png */ = {isa = PBXFileReference; lastKnownFileType = image.png; path = "touchIdIcon@1x.png"; sourceTree = "<group>"; };
		666994FD2385900700EA2129 /* SceneDelegate.h */ = {isa = PBXFileReference; lastKnownFileType = sourcecode.c.h; path = SceneDelegate.h; sourceTree = "<group>"; };
		6679BAB923856B8600D05FAD /* Reminders.app */ = {isa = PBXFileReference; explicitFileType = wrapper.application; includeInIndex = 0; path = Reminders.app; sourceTree = BUILT_PRODUCTS_DIR; };
		6679BABC23856B8600D05FAD /* AppDelegate.h */ = {isa = PBXFileReference; lastKnownFileType = sourcecode.c.h; path = AppDelegate.h; sourceTree = "<group>"; };
		6679BABD23856B8600D05FAD /* AppDelegate.m */ = {isa = PBXFileReference; lastKnownFileType = sourcecode.c.objc; path = AppDelegate.m; sourceTree = "<group>"; };
		6679BAC023856B8600D05FAD /* SceneDelegate.m */ = {isa = PBXFileReference; lastKnownFileType = sourcecode.c.objc; path = SceneDelegate.m; sourceTree = "<group>"; };
		6679BAC223856B8600D05FAD /* RITasksListViewController.h */ = {isa = PBXFileReference; lastKnownFileType = sourcecode.c.h; path = RITasksListViewController.h; sourceTree = "<group>"; };
		6679BAC323856B8600D05FAD /* RITasksListViewController.m */ = {isa = PBXFileReference; lastKnownFileType = sourcecode.c.objc; path = RITasksListViewController.m; sourceTree = "<group>"; };
		6679BAC823856B8700D05FAD /* Assets.xcassets */ = {isa = PBXFileReference; lastKnownFileType = folder.assetcatalog; path = Assets.xcassets; sourceTree = "<group>"; };
		6679BACB23856B8700D05FAD /* Base */ = {isa = PBXFileReference; lastKnownFileType = file.storyboard; name = Base; path = Base.lproj/RILaunchScreen.storyboard; sourceTree = "<group>"; };
		6679BACD23856B8700D05FAD /* Info.plist */ = {isa = PBXFileReference; lastKnownFileType = text.plist.xml; path = Info.plist; sourceTree = "<group>"; };
		6679BACE23856B8700D05FAD /* main.m */ = {isa = PBXFileReference; lastKnownFileType = sourcecode.c.objc; path = main.m; sourceTree = "<group>"; };
		6694CFED23ABAC8800575602 /* RILockScreenViewController.storyboard */ = {isa = PBXFileReference; lastKnownFileType = file.storyboard; path = RILockScreenViewController.storyboard; sourceTree = "<group>"; };
		6694CFEF23ABACA000575602 /* RILockScreenViewController.h */ = {isa = PBXFileReference; lastKnownFileType = sourcecode.c.h; path = RILockScreenViewController.h; sourceTree = "<group>"; };
		6694CFF023ABACA000575602 /* RILockScreenViewController.m */ = {isa = PBXFileReference; lastKnownFileType = sourcecode.c.objc; path = RILockScreenViewController.m; sourceTree = "<group>"; };
		669E87DE23B100470050D221 /* GDNumberPadButton.m */ = {isa = PBXFileReference; lastKnownFileType = sourcecode.c.objc; path = GDNumberPadButton.m; sourceTree = "<group>"; };
		66B217CE23B276530010D4B8 /* UIImage+ImageWithImageScaledToSize.h */ = {isa = PBXFileReference; lastKnownFileType = sourcecode.c.h; path = "UIImage+ImageWithImageScaledToSize.h"; sourceTree = "<group>"; };
		66B217CF23B276530010D4B8 /* UIImage+ImageWithImageScaledToSize.m */ = {isa = PBXFileReference; lastKnownFileType = sourcecode.c.objc; path = "UIImage+ImageWithImageScaledToSize.m"; sourceTree = "<group>"; };
		66B217D123B277600010D4B8 /* RINumberPad.h */ = {isa = PBXFileReference; lastKnownFileType = sourcecode.c.h; path = RINumberPad.h; sourceTree = "<group>"; };
		66B217D223B277600010D4B8 /* RINumberPad.m */ = {isa = PBXFileReference; lastKnownFileType = sourcecode.c.objc; path = RINumberPad.m; sourceTree = "<group>"; wrapsLines = 1; };
		66B217D523B2785F0010D4B8 /* RINumberPad.xib */ = {isa = PBXFileReference; lastKnownFileType = file.xib; path = RINumberPad.xib; sourceTree = "<group>"; };
		66BAF4C923B792590058C766 /* RIConstants.h */ = {isa = PBXFileReference; lastKnownFileType = sourcecode.c.h; path = RIConstants.h; sourceTree = "<group>"; };
		66BBBE982387F53000644D44 /* RITasksListViewController.storyboard */ = {isa = PBXFileReference; lastKnownFileType = file.storyboard; path = RITasksListViewController.storyboard; sourceTree = "<group>"; };
		66C2CEF523B23545002C2104 /* RINumberPadButton.h */ = {isa = PBXFileReference; fileEncoding = 4; lastKnownFileType = sourcecode.c.h; path = RINumberPadButton.h; sourceTree = "<group>"; };
		66C2CEF623B23545002C2104 /* RINumberPadButton.m */ = {isa = PBXFileReference; fileEncoding = 4; lastKnownFileType = sourcecode.c.objc; path = RINumberPadButton.m; sourceTree = "<group>"; wrapsLines = 1; };
		66F530BF23880D0500BB2E58 /* ReminderTableViewCell.h */ = {isa = PBXFileReference; lastKnownFileType = sourcecode.c.h; path = ReminderTableViewCell.h; sourceTree = "<group>"; };
		66F530C023880D0500BB2E58 /* ReminderTableViewCell.m */ = {isa = PBXFileReference; lastKnownFileType = sourcecode.c.objc; path = ReminderTableViewCell.m; sourceTree = "<group>"; };
		66F530C2238818DD00BB2E58 /* RIReminder.m */ = {isa = PBXFileReference; lastKnownFileType = sourcecode.c.objc; path = RIReminder.m; sourceTree = "<group>"; };
		66F530C4238818EC00BB2E58 /* RIReminder.h */ = {isa = PBXFileReference; lastKnownFileType = sourcecode.c.h; path = RIReminder.h; sourceTree = "<group>"; };
		847D7C1A2389E597004B008F /* RICreateReminderViewController.storyboard */ = {isa = PBXFileReference; lastKnownFileType = file.storyboard; path = RICreateReminderViewController.storyboard; sourceTree = "<group>"; };
		847D7C1C2389E5BE004B008F /* RICreateReminderViewController.h */ = {isa = PBXFileReference; lastKnownFileType = sourcecode.c.h; path = RICreateReminderViewController.h; sourceTree = "<group>"; };
		847D7C1D2389E5BE004B008F /* RICreateReminderViewController.m */ = {isa = PBXFileReference; lastKnownFileType = sourcecode.c.objc; path = RICreateReminderViewController.m; sourceTree = "<group>"; };
		847D7C202389EE16004B008F /* RICreateReminderViewControllerDelegate.h */ = {isa = PBXFileReference; lastKnownFileType = sourcecode.c.h; path = RICreateReminderViewControllerDelegate.h; sourceTree = "<group>"; };
		84ACA6F1238A802A00DC8A90 /* RIDetailViewController.storyboard */ = {isa = PBXFileReference; lastKnownFileType = file.storyboard; path = RIDetailViewController.storyboard; sourceTree = "<group>"; };
		84ACA6F3238A80D400DC8A90 /* RIDetailViewController.h */ = {isa = PBXFileReference; lastKnownFileType = sourcecode.c.h; path = RIDetailViewController.h; sourceTree = "<group>"; };
		84ACA6F4238A80D400DC8A90 /* RIDetailViewController.m */ = {isa = PBXFileReference; lastKnownFileType = sourcecode.c.objc; path = RIDetailViewController.m; sourceTree = "<group>"; };
/* End PBXFileReference section */

/* Begin PBXFrameworksBuildPhase section */
		6679BAB623856B8600D05FAD /* Frameworks */ = {
			isa = PBXFrameworksBuildPhase;
			buildActionMask = 2147483647;
			files = (
			);
			runOnlyForDeploymentPostprocessing = 0;
		};
/* End PBXFrameworksBuildPhase section */

/* Begin PBXGroup section */
		660E578223ABB1CC00A31913 /* Custom UI elements */ = {
			isa = PBXGroup;
			children = (
				660E578623ABB22700A31913 /* RIDot.h */,
				660E578723ABB22700A31913 /* RIDot.m */,
				6656EEEA23B6355000C74B81 /* RIDotsControl.h */,
				6656EEEB23B6355000C74B81 /* RIDotsControl.m */,
				66C2CEF523B23545002C2104 /* RINumberPadButton.h */,
				66C2CEF623B23545002C2104 /* RINumberPadButton.m */,
				66B217D123B277600010D4B8 /* RINumberPad.h */,
				66B217D223B277600010D4B8 /* RINumberPad.m */,
			);
			path = "Custom UI elements";
			sourceTree = "<group>";
		};
		661648AD23B79A9C00A655A3 /* Launch screen */ = {
			isa = PBXGroup;
			children = (
				6679BACA23856B8700D05FAD /* RILaunchScreen.storyboard */,
			);
			path = "Launch screen";
			sourceTree = "<group>";
		};
		661648AE23B79B2300A655A3 /* UIColor */ = {
			isa = PBXGroup;
			children = (
				661648AF23B79B3D00A655A3 /* UIColor+Constants.h */,
				661648B023B79B3D00A655A3 /* UIColor+Constants.m */,
			);
			path = UIColor;
			sourceTree = "<group>";
		};
		661648B223B79D5200A655A3 /* NSString */ = {
			isa = PBXGroup;
			children = (
				661648B323B79D6A00A655A3 /* NSString+Constants.h */,
				661648B423B79D6A00A655A3 /* NSString+Constants.m */,
			);
			path = NSString;
			sourceTree = "<group>";
		};
		6679BAB023856B8600D05FAD = {
			isa = PBXGroup;
			children = (
				6679BABB23856B8600D05FAD /* Reminders */,
				6679BABA23856B8600D05FAD /* Products */,
				66C2CEF423B23504002C2104 /* Recovered References */,
			);
			sourceTree = "<group>";
		};
		6679BABA23856B8600D05FAD /* Products */ = {
			isa = PBXGroup;
			children = (
				6679BAB923856B8600D05FAD /* Reminders.app */,
			);
			name = Products;
			sourceTree = "<group>";
		};
		6679BABB23856B8600D05FAD /* Reminders */ = {
			isa = PBXGroup;
			children = (
				66BAF4C823B791F20058C766 /* Constants */,
				66B217CB23B2759F0010D4B8 /* Extensions */,
				6679BABC23856B8600D05FAD /* AppDelegate.h */,
				6679BABD23856B8600D05FAD /* AppDelegate.m */,
				666994FD2385900700EA2129 /* SceneDelegate.h */,
				6679BAC023856B8600D05FAD /* SceneDelegate.m */,
				66BBBE962387F4DC00644D44 /* Models */,
				66BBBE972387F4E600644D44 /* Views */,
				66BBBE952387F4CA00644D44 /* Controllers */,
				847D7C1F2389EDE5004B008F /* Protocols */,
				660E578223ABB1CC00A31913 /* Custom UI elements */,
				66B217D423B277FC0010D4B8 /* Xib-files */,
				66EFC39523B245DC00695249 /* Icons */,
				6679BAC823856B8700D05FAD /* Assets.xcassets */,
				6679BACD23856B8700D05FAD /* Info.plist */,
				6679BACE23856B8700D05FAD /* main.m */,
			);
			path = Reminders;
			sourceTree = "<group>";
		};
		66B217CB23B2759F0010D4B8 /* Extensions */ = {
			isa = PBXGroup;
			children = (
				661648B223B79D5200A655A3 /* NSString */,
				661648AE23B79B2300A655A3 /* UIColor */,
				66B217CC23B275A50010D4B8 /* UIImage */,
			);
			path = Extensions;
			sourceTree = "<group>";
		};
		66B217CC23B275A50010D4B8 /* UIImage */ = {
			isa = PBXGroup;
			children = (
				66B217CE23B276530010D4B8 /* UIImage+ImageWithImageScaledToSize.h */,
				66B217CF23B276530010D4B8 /* UIImage+ImageWithImageScaledToSize.m */,
				66336AFE23B5150300553D25 /* UIColor+HexInit.h */,
				66336AFF23B5150300553D25 /* UIColor+HexInit.m */,
			);
			path = UIImage;
			sourceTree = "<group>";
		};
		66B217D423B277FC0010D4B8 /* Xib-files */ = {
			isa = PBXGroup;
			children = (
				66B217D523B2785F0010D4B8 /* RINumberPad.xib */,
				66445F8A23B6720F0040F6A6 /* RIDotsControl.xib */,
			);
			path = "Xib-files";
			sourceTree = "<group>";
		};
		66BAF4C823B791F20058C766 /* Constants */ = {
			isa = PBXGroup;
			children = (
				66BAF4C923B792590058C766 /* RIConstants.h */,
			);
			path = Constants;
			sourceTree = "<group>";
		};
		66BBBE952387F4CA00644D44 /* Controllers */ = {
			isa = PBXGroup;
			children = (
				66F530BE23880C9400BB2E58 /* Cells */,
				6694CFEF23ABACA000575602 /* RILockScreenViewController.h */,
				6694CFF023ABACA000575602 /* RILockScreenViewController.m */,
				6679BAC223856B8600D05FAD /* RITasksListViewController.h */,
				6679BAC323856B8600D05FAD /* RITasksListViewController.m */,
				847D7C1C2389E5BE004B008F /* RICreateReminderViewController.h */,
				847D7C1D2389E5BE004B008F /* RICreateReminderViewController.m */,
				84ACA6F3238A80D400DC8A90 /* RIDetailViewController.h */,
				84ACA6F4238A80D400DC8A90 /* RIDetailViewController.m */,
			);
			path = Controllers;
			sourceTree = "<group>";
		};
		66BBBE962387F4DC00644D44 /* Models */ = {
			isa = PBXGroup;
			children = (
				66F530C4238818EC00BB2E58 /* RIReminder.h */,
				66F530C2238818DD00BB2E58 /* RIReminder.m */,
			);
			path = Models;
			sourceTree = "<group>";
		};
		66BBBE972387F4E600644D44 /* Views */ = {
			isa = PBXGroup;
			children = (
				661648AD23B79A9C00A655A3 /* Launch screen */,
				6694CFED23ABAC8800575602 /* RILockScreenViewController.storyboard */,
				66BBBE982387F53000644D44 /* RITasksListViewController.storyboard */,
				847D7C1A2389E597004B008F /* RICreateReminderViewController.storyboard */,
				84ACA6F1238A802A00DC8A90 /* RIDetailViewController.storyboard */,
			);
			path = Views;
			sourceTree = "<group>";
		};
		66C2CEF423B23504002C2104 /* Recovered References */ = {
			isa = PBXGroup;
			children = (
				669E87DE23B100470050D221 /* GDNumberPadButton.m */,
			);
			name = "Recovered References";
			sourceTree = "<group>";
		};
		66EFC39523B245DC00695249 /* Icons */ = {
			isa = PBXGroup;
			children = (
				66336AFC23B512FF00553D25 /* Icons.xcassets */,
				6663A74123B5257200C11100 /* faceIdIcon@1x.png */,
				6663A74223B5257200C11100 /* faceIdIcon@2x.png */,
				6663A74023B5257200C11100 /* faceIdIcon@3x.png */,
				6663A74823B5257D00C11100 /* touchIdIcon@1x.png */,
				6663A74623B5257D00C11100 /* touchIdIcon@2x.png */,
				6663A74723B5257D00C11100 /* touchIdIcon@3x.png */,
			);
			path = Icons;
			sourceTree = "<group>";
		};
		66F530BE23880C9400BB2E58 /* Cells */ = {
			isa = PBXGroup;
			children = (
				66F530BF23880D0500BB2E58 /* ReminderTableViewCell.h */,
				66F530C023880D0500BB2E58 /* ReminderTableViewCell.m */,
			);
			path = Cells;
			sourceTree = "<group>";
		};
		847D7C1F2389EDE5004B008F /* Protocols */ = {
			isa = PBXGroup;
			children = (
				847D7C202389EE16004B008F /* RICreateReminderViewControllerDelegate.h */,
				660AF2BE23B4E5CA00390BFE /* RINumberPadDelegate.h */,
			);
			path = Protocols;
			sourceTree = "<group>";
		};
/* End PBXGroup section */

/* Begin PBXNativeTarget section */
		6679BAB823856B8600D05FAD /* Reminders */ = {
			isa = PBXNativeTarget;
			buildConfigurationList = 6679BAD223856B8700D05FAD /* Build configuration list for PBXNativeTarget "Reminders" */;
			buildPhases = (
				6679BAB523856B8600D05FAD /* Sources */,
				6679BAB623856B8600D05FAD /* Frameworks */,
				6679BAB723856B8600D05FAD /* Resources */,
			);
			buildRules = (
			);
			dependencies = (
			);
			name = Reminders;
			productName = Reminders;
			productReference = 6679BAB923856B8600D05FAD /* Reminders.app */;
			productType = "com.apple.product-type.application";
		};
/* End PBXNativeTarget section */

/* Begin PBXProject section */
		6679BAB123856B8600D05FAD /* Project object */ = {
			isa = PBXProject;
			attributes = {
				LastUpgradeCheck = 1120;
				ORGANIZATIONNAME = "Ostap Tyvonovych";
				TargetAttributes = {
					6679BAB823856B8600D05FAD = {
						CreatedOnToolsVersion = 11.2.1;
					};
				};
			};
			buildConfigurationList = 6679BAB423856B8600D05FAD /* Build configuration list for PBXProject "Reminders" */;
			compatibilityVersion = "Xcode 9.3";
			developmentRegion = en;
			hasScannedForEncodings = 0;
			knownRegions = (
				en,
				Base,
			);
			mainGroup = 6679BAB023856B8600D05FAD;
			productRefGroup = 6679BABA23856B8600D05FAD /* Products */;
			projectDirPath = "";
			projectRoot = "";
			targets = (
				6679BAB823856B8600D05FAD /* Reminders */,
			);
		};
/* End PBXProject section */

/* Begin PBXResourcesBuildPhase section */
		6679BAB723856B8600D05FAD /* Resources */ = {
			isa = PBXResourcesBuildPhase;
			buildActionMask = 2147483647;
			files = (
				6663A74923B5257D00C11100 /* touchIdIcon@2x.png in Resources */,
				6663A74A23B5257D00C11100 /* touchIdIcon@3x.png in Resources */,
				66445F8B23B6720F0040F6A6 /* RIDotsControl.xib in Resources */,
				6694CFEE23ABAC8800575602 /* RILockScreenViewController.storyboard in Resources */,
				66B217D623B2785F0010D4B8 /* RINumberPad.xib in Resources */,
				6679BACC23856B8700D05FAD /* RILaunchScreen.storyboard in Resources */,
				66336AFD23B512FF00553D25 /* Icons.xcassets in Resources */,
				847D7C1B2389E597004B008F /* RICreateReminderViewController.storyboard in Resources */,
				6663A74B23B5257D00C11100 /* touchIdIcon@1x.png in Resources */,
				6663A74323B5257200C11100 /* faceIdIcon@3x.png in Resources */,
				6679BAC923856B8700D05FAD /* Assets.xcassets in Resources */,
				66BBBE992387F53000644D44 /* RITasksListViewController.storyboard in Resources */,
				6663A74523B5257200C11100 /* faceIdIcon@2x.png in Resources */,
				6663A74423B5257200C11100 /* faceIdIcon@1x.png in Resources */,
				84ACA6F2238A802A00DC8A90 /* RIDetailViewController.storyboard in Resources */,
			);
			runOnlyForDeploymentPostprocessing = 0;
		};
/* End PBXResourcesBuildPhase section */

/* Begin PBXSourcesBuildPhase section */
		6679BAB523856B8600D05FAD /* Sources */ = {
			isa = PBXSourcesBuildPhase;
			buildActionMask = 2147483647;
			files = (
				66B217D323B277600010D4B8 /* RINumberPad.m in Sources */,
				847D7C1E2389E5BE004B008F /* RICreateReminderViewController.m in Sources */,
				6679BAC423856B8600D05FAD /* RITasksListViewController.m in Sources */,
				661648B523B79D6A00A655A3 /* NSString+Constants.m in Sources */,
				661648B123B79B3D00A655A3 /* UIColor+Constants.m in Sources */,
				6694CFF123ABACA000575602 /* RILockScreenViewController.m in Sources */,
				660E578823ABB22700A31913 /* RIDot.m in Sources */,
				66336B0023B5150300553D25 /* UIColor+HexInit.m in Sources */,
				66F530C3238818DD00BB2E58 /* RIReminder.m in Sources */,
				84ACA6F5238A80D400DC8A90 /* RIDetailViewController.m in Sources */,
				66C2CEF723B23545002C2104 /* RINumberPadButton.m in Sources */,
				6679BABE23856B8600D05FAD /* AppDelegate.m in Sources */,
				6679BACF23856B8700D05FAD /* main.m in Sources */,
				6679BAC123856B8600D05FAD /* SceneDelegate.m in Sources */,
				6656EEEC23B6355000C74B81 /* RIDotsControl.m in Sources */,
				66B217D023B276530010D4B8 /* UIImage+ImageWithImageScaledToSize.m in Sources */,
				66F530C123880D0500BB2E58 /* ReminderTableViewCell.m in Sources */,
			);
			runOnlyForDeploymentPostprocessing = 0;
		};
/* End PBXSourcesBuildPhase section */

/* Begin PBXVariantGroup section */
		6679BACA23856B8700D05FAD /* RILaunchScreen.storyboard */ = {
			isa = PBXVariantGroup;
			children = (
				6679BACB23856B8700D05FAD /* Base */,
			);
			name = RILaunchScreen.storyboard;
			sourceTree = "<group>";
		};
/* End PBXVariantGroup section */

/* Begin XCBuildConfiguration section */
		6679BAD023856B8700D05FAD /* Debug */ = {
			isa = XCBuildConfiguration;
			buildSettings = {
				ALWAYS_SEARCH_USER_PATHS = NO;
				CLANG_ANALYZER_NONNULL = YES;
				CLANG_ANALYZER_NUMBER_OBJECT_CONVERSION = YES_AGGRESSIVE;
				CLANG_CXX_LANGUAGE_STANDARD = "gnu++14";
				CLANG_CXX_LIBRARY = "libc++";
				CLANG_ENABLE_MODULES = YES;
				CLANG_ENABLE_OBJC_ARC = YES;
				CLANG_ENABLE_OBJC_WEAK = YES;
				CLANG_WARN_BLOCK_CAPTURE_AUTORELEASING = YES;
				CLANG_WARN_BOOL_CONVERSION = YES;
				CLANG_WARN_COMMA = YES;
				CLANG_WARN_CONSTANT_CONVERSION = YES;
				CLANG_WARN_DEPRECATED_OBJC_IMPLEMENTATIONS = YES;
				CLANG_WARN_DIRECT_OBJC_ISA_USAGE = YES_ERROR;
				CLANG_WARN_DOCUMENTATION_COMMENTS = YES;
				CLANG_WARN_EMPTY_BODY = YES;
				CLANG_WARN_ENUM_CONVERSION = YES;
				CLANG_WARN_INFINITE_RECURSION = YES;
				CLANG_WARN_INT_CONVERSION = YES;
				CLANG_WARN_NON_LITERAL_NULL_CONVERSION = YES;
				CLANG_WARN_OBJC_IMPLICIT_RETAIN_SELF = YES;
				CLANG_WARN_OBJC_LITERAL_CONVERSION = YES;
				CLANG_WARN_OBJC_ROOT_CLASS = YES_ERROR;
				CLANG_WARN_RANGE_LOOP_ANALYSIS = YES;
				CLANG_WARN_STRICT_PROTOTYPES = YES;
				CLANG_WARN_SUSPICIOUS_MOVE = YES;
				CLANG_WARN_UNGUARDED_AVAILABILITY = YES_AGGRESSIVE;
				CLANG_WARN_UNREACHABLE_CODE = YES;
				CLANG_WARN__DUPLICATE_METHOD_MATCH = YES;
				COPY_PHASE_STRIP = NO;
				DEBUG_INFORMATION_FORMAT = dwarf;
				ENABLE_STRICT_OBJC_MSGSEND = YES;
				ENABLE_TESTABILITY = YES;
				GCC_C_LANGUAGE_STANDARD = gnu11;
				GCC_DYNAMIC_NO_PIC = NO;
				GCC_NO_COMMON_BLOCKS = YES;
				GCC_OPTIMIZATION_LEVEL = 0;
				GCC_PREPROCESSOR_DEFINITIONS = (
					"DEBUG=1",
					"$(inherited)",
				);
				GCC_WARN_64_TO_32_BIT_CONVERSION = YES;
				GCC_WARN_ABOUT_RETURN_TYPE = YES_ERROR;
				GCC_WARN_UNDECLARED_SELECTOR = YES;
				GCC_WARN_UNINITIALIZED_AUTOS = YES_AGGRESSIVE;
				GCC_WARN_UNUSED_FUNCTION = YES;
				GCC_WARN_UNUSED_VARIABLE = YES;
				IPHONEOS_DEPLOYMENT_TARGET = 13.2;
				MTL_ENABLE_DEBUG_INFO = INCLUDE_SOURCE;
				MTL_FAST_MATH = YES;
				ONLY_ACTIVE_ARCH = YES;
				SDKROOT = iphoneos;
			};
			name = Debug;
		};
		6679BAD123856B8700D05FAD /* Release */ = {
			isa = XCBuildConfiguration;
			buildSettings = {
				ALWAYS_SEARCH_USER_PATHS = NO;
				CLANG_ANALYZER_NONNULL = YES;
				CLANG_ANALYZER_NUMBER_OBJECT_CONVERSION = YES_AGGRESSIVE;
				CLANG_CXX_LANGUAGE_STANDARD = "gnu++14";
				CLANG_CXX_LIBRARY = "libc++";
				CLANG_ENABLE_MODULES = YES;
				CLANG_ENABLE_OBJC_ARC = YES;
				CLANG_ENABLE_OBJC_WEAK = YES;
				CLANG_WARN_BLOCK_CAPTURE_AUTORELEASING = YES;
				CLANG_WARN_BOOL_CONVERSION = YES;
				CLANG_WARN_COMMA = YES;
				CLANG_WARN_CONSTANT_CONVERSION = YES;
				CLANG_WARN_DEPRECATED_OBJC_IMPLEMENTATIONS = YES;
				CLANG_WARN_DIRECT_OBJC_ISA_USAGE = YES_ERROR;
				CLANG_WARN_DOCUMENTATION_COMMENTS = YES;
				CLANG_WARN_EMPTY_BODY = YES;
				CLANG_WARN_ENUM_CONVERSION = YES;
				CLANG_WARN_INFINITE_RECURSION = YES;
				CLANG_WARN_INT_CONVERSION = YES;
				CLANG_WARN_NON_LITERAL_NULL_CONVERSION = YES;
				CLANG_WARN_OBJC_IMPLICIT_RETAIN_SELF = YES;
				CLANG_WARN_OBJC_LITERAL_CONVERSION = YES;
				CLANG_WARN_OBJC_ROOT_CLASS = YES_ERROR;
				CLANG_WARN_RANGE_LOOP_ANALYSIS = YES;
				CLANG_WARN_STRICT_PROTOTYPES = YES;
				CLANG_WARN_SUSPICIOUS_MOVE = YES;
				CLANG_WARN_UNGUARDED_AVAILABILITY = YES_AGGRESSIVE;
				CLANG_WARN_UNREACHABLE_CODE = YES;
				CLANG_WARN__DUPLICATE_METHOD_MATCH = YES;
				COPY_PHASE_STRIP = NO;
				DEBUG_INFORMATION_FORMAT = "dwarf-with-dsym";
				ENABLE_NS_ASSERTIONS = NO;
				ENABLE_STRICT_OBJC_MSGSEND = YES;
				GCC_C_LANGUAGE_STANDARD = gnu11;
				GCC_NO_COMMON_BLOCKS = YES;
				GCC_WARN_64_TO_32_BIT_CONVERSION = YES;
				GCC_WARN_ABOUT_RETURN_TYPE = YES_ERROR;
				GCC_WARN_UNDECLARED_SELECTOR = YES;
				GCC_WARN_UNINITIALIZED_AUTOS = YES_AGGRESSIVE;
				GCC_WARN_UNUSED_FUNCTION = YES;
				GCC_WARN_UNUSED_VARIABLE = YES;
				IPHONEOS_DEPLOYMENT_TARGET = 13.2;
				MTL_ENABLE_DEBUG_INFO = NO;
				MTL_FAST_MATH = YES;
				SDKROOT = iphoneos;
				VALIDATE_PRODUCT = YES;
			};
			name = Release;
		};
		6679BAD323856B8700D05FAD /* Debug */ = {
			isa = XCBuildConfiguration;
			buildSettings = {
				ASSETCATALOG_COMPILER_APPICON_NAME = AppIcon;
				CODE_SIGN_STYLE = Automatic;
				DEVELOPMENT_TEAM = GTFT6558BS;
				INFOPLIST_FILE = Reminders/Info.plist;
				IPHONEOS_DEPLOYMENT_TARGET = 13.0;
				LD_RUNPATH_SEARCH_PATHS = (
					"$(inherited)",
					"@executable_path/Frameworks",
				);
				PRODUCT_BUNDLE_IDENTIFIER = "Ostap-Tyvonovych.Reminders";
				PRODUCT_NAME = "$(TARGET_NAME)";
				TARGETED_DEVICE_FAMILY = "1,2";
			};
			name = Debug;
		};
		6679BAD423856B8700D05FAD /* Release */ = {
			isa = XCBuildConfiguration;
			buildSettings = {
				ASSETCATALOG_COMPILER_APPICON_NAME = AppIcon;
				CODE_SIGN_STYLE = Automatic;
				DEVELOPMENT_TEAM = GTFT6558BS;
				INFOPLIST_FILE = Reminders/Info.plist;
				IPHONEOS_DEPLOYMENT_TARGET = 13.0;
				LD_RUNPATH_SEARCH_PATHS = (
					"$(inherited)",
					"@executable_path/Frameworks",
				);
				PRODUCT_BUNDLE_IDENTIFIER = "Ostap-Tyvonovych.Reminders";
				PRODUCT_NAME = "$(TARGET_NAME)";
				TARGETED_DEVICE_FAMILY = "1,2";
			};
			name = Release;
		};
/* End XCBuildConfiguration section */

/* Begin XCConfigurationList section */
		6679BAB423856B8600D05FAD /* Build configuration list for PBXProject "Reminders" */ = {
			isa = XCConfigurationList;
			buildConfigurations = (
				6679BAD023856B8700D05FAD /* Debug */,
				6679BAD123856B8700D05FAD /* Release */,
			);
			defaultConfigurationIsVisible = 0;
			defaultConfigurationName = Release;
		};
		6679BAD223856B8700D05FAD /* Build configuration list for PBXNativeTarget "Reminders" */ = {
			isa = XCConfigurationList;
			buildConfigurations = (
				6679BAD323856B8700D05FAD /* Debug */,
				6679BAD423856B8700D05FAD /* Release */,
			);
			defaultConfigurationIsVisible = 0;
			defaultConfigurationName = Release;
		};
/* End XCConfigurationList section */
	};
	rootObject = 6679BAB123856B8600D05FAD /* Project object */;
}
