// !$*UTF8*$!
{
	archiveVersion = 1;
	classes = {
	};
	objectVersion = 50;
	objects = {

/* Begin PBXBuildFile section */
		6679BABE23856B8600D05FAD /* AppDelegate.m in Sources */ = {isa = PBXBuildFile; fileRef = 6679BABD23856B8600D05FAD /* AppDelegate.m */; };
		6679BAC123856B8600D05FAD /* SceneDelegate.m in Sources */ = {isa = PBXBuildFile; fileRef = 6679BAC023856B8600D05FAD /* SceneDelegate.m */; };
		6679BAC423856B8600D05FAD /* TasksListViewController.m in Sources */ = {isa = PBXBuildFile; fileRef = 6679BAC323856B8600D05FAD /* TasksListViewController.m */; };
		6679BAC723856B8600D05FAD /* Main.storyboard in Resources */ = {isa = PBXBuildFile; fileRef = 6679BAC523856B8600D05FAD /* Main.storyboard */; };
		6679BAC923856B8700D05FAD /* Assets.xcassets in Resources */ = {isa = PBXBuildFile; fileRef = 6679BAC823856B8700D05FAD /* Assets.xcassets */; };
		6679BACC23856B8700D05FAD /* LaunchScreen.storyboard in Resources */ = {isa = PBXBuildFile; fileRef = 6679BACA23856B8700D05FAD /* LaunchScreen.storyboard */; };
		6679BACF23856B8700D05FAD /* main.m in Sources */ = {isa = PBXBuildFile; fileRef = 6679BACE23856B8700D05FAD /* main.m */; };
		66BBBE992387F53000644D44 /* TasksListViewController.storyboard in Resources */ = {isa = PBXBuildFile; fileRef = 66BBBE982387F53000644D44 /* TasksListViewController.storyboard */; };
		66F530C123880D0500BB2E58 /* ReminderTableViewCell.m in Sources */ = {isa = PBXBuildFile; fileRef = 66F530C023880D0500BB2E58 /* ReminderTableViewCell.m */; };
		66F530C3238818DD00BB2E58 /* Reminder.m in Sources */ = {isa = PBXBuildFile; fileRef = 66F530C2238818DD00BB2E58 /* Reminder.m */; };
		847D7C1B2389E597004B008F /* CreateReminderViewController.storyboard in Resources */ = {isa = PBXBuildFile; fileRef = 847D7C1A2389E597004B008F /* CreateReminderViewController.storyboard */; };
		847D7C1E2389E5BE004B008F /* CreateReminderViewController.m in Sources */ = {isa = PBXBuildFile; fileRef = 847D7C1D2389E5BE004B008F /* CreateReminderViewController.m */; };
/* End PBXBuildFile section */

/* Begin PBXFileReference section */
		666994FD2385900700EA2129 /* SceneDelegate.h */ = {isa = PBXFileReference; lastKnownFileType = sourcecode.c.h; path = SceneDelegate.h; sourceTree = "<group>"; };
		6679BAB923856B8600D05FAD /* Reminders.app */ = {isa = PBXFileReference; explicitFileType = wrapper.application; includeInIndex = 0; path = Reminders.app; sourceTree = BUILT_PRODUCTS_DIR; };
		6679BABC23856B8600D05FAD /* AppDelegate.h */ = {isa = PBXFileReference; lastKnownFileType = sourcecode.c.h; path = AppDelegate.h; sourceTree = "<group>"; };
		6679BABD23856B8600D05FAD /* AppDelegate.m */ = {isa = PBXFileReference; lastKnownFileType = sourcecode.c.objc; path = AppDelegate.m; sourceTree = "<group>"; };
		6679BAC023856B8600D05FAD /* SceneDelegate.m */ = {isa = PBXFileReference; lastKnownFileType = sourcecode.c.objc; path = SceneDelegate.m; sourceTree = "<group>"; };
		6679BAC223856B8600D05FAD /* TasksListViewController.h */ = {isa = PBXFileReference; lastKnownFileType = sourcecode.c.h; path = TasksListViewController.h; sourceTree = "<group>"; };
		6679BAC323856B8600D05FAD /* TasksListViewController.m */ = {isa = PBXFileReference; lastKnownFileType = sourcecode.c.objc; path = TasksListViewController.m; sourceTree = "<group>"; };
		6679BAC623856B8600D05FAD /* Base */ = {isa = PBXFileReference; lastKnownFileType = file.storyboard; name = Base; path = Base.lproj/Main.storyboard; sourceTree = "<group>"; };
		6679BAC823856B8700D05FAD /* Assets.xcassets */ = {isa = PBXFileReference; lastKnownFileType = folder.assetcatalog; path = Assets.xcassets; sourceTree = "<group>"; };
		6679BACB23856B8700D05FAD /* Base */ = {isa = PBXFileReference; lastKnownFileType = file.storyboard; name = Base; path = Base.lproj/LaunchScreen.storyboard; sourceTree = "<group>"; };
		6679BACD23856B8700D05FAD /* Info.plist */ = {isa = PBXFileReference; lastKnownFileType = text.plist.xml; path = Info.plist; sourceTree = "<group>"; };
		6679BACE23856B8700D05FAD /* main.m */ = {isa = PBXFileReference; lastKnownFileType = sourcecode.c.objc; path = main.m; sourceTree = "<group>"; };
		66BBBE982387F53000644D44 /* TasksListViewController.storyboard */ = {isa = PBXFileReference; lastKnownFileType = file.storyboard; path = TasksListViewController.storyboard; sourceTree = "<group>"; };
		66F530BF23880D0500BB2E58 /* ReminderTableViewCell.h */ = {isa = PBXFileReference; lastKnownFileType = sourcecode.c.h; path = ReminderTableViewCell.h; sourceTree = "<group>"; };
		66F530C023880D0500BB2E58 /* ReminderTableViewCell.m */ = {isa = PBXFileReference; lastKnownFileType = sourcecode.c.objc; path = ReminderTableViewCell.m; sourceTree = "<group>"; };
		66F530C2238818DD00BB2E58 /* Reminder.m */ = {isa = PBXFileReference; lastKnownFileType = sourcecode.c.objc; path = Reminder.m; sourceTree = "<group>"; };
		66F530C4238818EC00BB2E58 /* Reminder.h */ = {isa = PBXFileReference; lastKnownFileType = sourcecode.c.h; path = Reminder.h; sourceTree = "<group>"; };
		847D7C1A2389E597004B008F /* CreateReminderViewController.storyboard */ = {isa = PBXFileReference; lastKnownFileType = file.storyboard; path = CreateReminderViewController.storyboard; sourceTree = "<group>"; };
		847D7C1C2389E5BE004B008F /* CreateReminderViewController.h */ = {isa = PBXFileReference; lastKnownFileType = sourcecode.c.h; path = CreateReminderViewController.h; sourceTree = "<group>"; };
		847D7C1D2389E5BE004B008F /* CreateReminderViewController.m */ = {isa = PBXFileReference; lastKnownFileType = sourcecode.c.objc; path = CreateReminderViewController.m; sourceTree = "<group>"; };
		847D7C202389EE16004B008F /* CreateReminderViewControllerDelegate.h */ = {isa = PBXFileReference; lastKnownFileType = sourcecode.c.h; path = CreateReminderViewControllerDelegate.h; sourceTree = "<group>"; };
/* End PBXFileReference section */

/* Begin PBXFrameworksBuildPhase section */
		6679BAB623856B8600D05FAD /* Frameworks */ = {
			isa = PBXFrameworksBuildPhase;
			buildActionMask = 2147483647;
			files = (
			);
			runOnlyForDeploymentPostprocessing = 0;
		};
/* End PBXFrameworksBuildPhase section */

/* Begin PBXGroup section */
		66111E4923857194006AEA2E /* System-required storyboards */ = {
			isa = PBXGroup;
			children = (
				6679BAC523856B8600D05FAD /* Main.storyboard */,
				6679BACA23856B8700D05FAD /* LaunchScreen.storyboard */,
			);
			path = "System-required storyboards";
			sourceTree = "<group>";
		};
		6679BAB023856B8600D05FAD = {
			isa = PBXGroup;
			children = (
				6679BABB23856B8600D05FAD /* Reminders */,
				6679BABA23856B8600D05FAD /* Products */,
			);
			sourceTree = "<group>";
		};
		6679BABA23856B8600D05FAD /* Products */ = {
			isa = PBXGroup;
			children = (
				6679BAB923856B8600D05FAD /* Reminders.app */,
			);
			name = Products;
			sourceTree = "<group>";
		};
		6679BABB23856B8600D05FAD /* Reminders */ = {
			isa = PBXGroup;
			children = (
				6679BABC23856B8600D05FAD /* AppDelegate.h */,
				6679BABD23856B8600D05FAD /* AppDelegate.m */,
				666994FD2385900700EA2129 /* SceneDelegate.h */,
				6679BAC023856B8600D05FAD /* SceneDelegate.m */,
				66BBBE962387F4DC00644D44 /* Models */,
				66BBBE972387F4E600644D44 /* Views */,
				66BBBE952387F4CA00644D44 /* Controllers */,
				847D7C1F2389EDE5004B008F /* Protocols */,
				66111E4923857194006AEA2E /* System-required storyboards */,
				6679BAC823856B8700D05FAD /* Assets.xcassets */,
				6679BACD23856B8700D05FAD /* Info.plist */,
				6679BACE23856B8700D05FAD /* main.m */,
			);
			path = Reminders;
			sourceTree = "<group>";
		};
		66BBBE952387F4CA00644D44 /* Controllers */ = {
			isa = PBXGroup;
			children = (
				66F530BE23880C9400BB2E58 /* Cells */,
				6679BAC223856B8600D05FAD /* TasksListViewController.h */,
				6679BAC323856B8600D05FAD /* TasksListViewController.m */,
				847D7C1C2389E5BE004B008F /* CreateReminderViewController.h */,
				847D7C1D2389E5BE004B008F /* CreateReminderViewController.m */,
			);
			path = Controllers;
			sourceTree = "<group>";
		};
		66BBBE962387F4DC00644D44 /* Models */ = {
			isa = PBXGroup;
			children = (
				66F530C4238818EC00BB2E58 /* Reminder.h */,
				66F530C2238818DD00BB2E58 /* Reminder.m */,
			);
			path = Models;
			sourceTree = "<group>";
		};
		66BBBE972387F4E600644D44 /* Views */ = {
			isa = PBXGroup;
			children = (
				66BBBE982387F53000644D44 /* TasksListViewController.storyboard */,
				847D7C1A2389E597004B008F /* CreateReminderViewController.storyboard */,
			);
			path = Views;
			sourceTree = "<group>";
		};
		66F530BE23880C9400BB2E58 /* Cells */ = {
			isa = PBXGroup;
			children = (
				66F530BF23880D0500BB2E58 /* ReminderTableViewCell.h */,
				66F530C023880D0500BB2E58 /* ReminderTableViewCell.m */,
			);
			path = Cells;
			sourceTree = "<group>";
		};
		847D7C1F2389EDE5004B008F /* Protocols */ = {
			isa = PBXGroup;
			children = (
				847D7C202389EE16004B008F /* CreateReminderViewControllerDelegate.h */,
			);
			path = Protocols;
			sourceTree = "<group>";
		};
/* End PBXGroup section */

/* Begin PBXNativeTarget section */
		6679BAB823856B8600D05FAD /* Reminders */ = {
			isa = PBXNativeTarget;
			buildConfigurationList = 6679BAD223856B8700D05FAD /* Build configuration list for PBXNativeTarget "Reminders" */;
			buildPhases = (
				6679BAB523856B8600D05FAD /* Sources */,
				6679BAB623856B8600D05FAD /* Frameworks */,
				6679BAB723856B8600D05FAD /* Resources */,
			);
			buildRules = (
			);
			dependencies = (
			);
			name = Reminders;
			productName = Reminders;
			productReference = 6679BAB923856B8600D05FAD /* Reminders.app */;
			productType = "com.apple.product-type.application";
		};
/* End PBXNativeTarget section */

/* Begin PBXProject section */
		6679BAB123856B8600D05FAD /* Project object */ = {
			isa = PBXProject;
			attributes = {
				LastUpgradeCheck = 1120;
				ORGANIZATIONNAME = "Ostap Tyvonovych";
				TargetAttributes = {
					6679BAB823856B8600D05FAD = {
						CreatedOnToolsVersion = 11.2.1;
					};
				};
			};
			buildConfigurationList = 6679BAB423856B8600D05FAD /* Build configuration list for PBXProject "Reminders" */;
			compatibilityVersion = "Xcode 9.3";
			developmentRegion = en;
			hasScannedForEncodings = 0;
			knownRegions = (
				en,
				Base,
			);
			mainGroup = 6679BAB023856B8600D05FAD;
			productRefGroup = 6679BABA23856B8600D05FAD /* Products */;
			projectDirPath = "";
			projectRoot = "";
			targets = (
				6679BAB823856B8600D05FAD /* Reminders */,
			);
		};
/* End PBXProject section */

/* Begin PBXResourcesBuildPhase section */
		6679BAB723856B8600D05FAD /* Resources */ = {
			isa = PBXResourcesBuildPhase;
			buildActionMask = 2147483647;
			files = (
				6679BACC23856B8700D05FAD /* LaunchScreen.storyboard in Resources */,
				847D7C1B2389E597004B008F /* CreateReminderViewController.storyboard in Resources */,
				6679BAC923856B8700D05FAD /* Assets.xcassets in Resources */,
				66BBBE992387F53000644D44 /* TasksListViewController.storyboard in Resources */,
				6679BAC723856B8600D05FAD /* Main.storyboard in Resources */,
			);
			runOnlyForDeploymentPostprocessing = 0;
		};
/* End PBXResourcesBuildPhase section */

/* Begin PBXSourcesBuildPhase section */
		6679BAB523856B8600D05FAD /* Sources */ = {
			isa = PBXSourcesBuildPhase;
			buildActionMask = 2147483647;
			files = (
				847D7C1E2389E5BE004B008F /* CreateReminderViewController.m in Sources */,
				6679BAC423856B8600D05FAD /* TasksListViewController.m in Sources */,
				66F530C3238818DD00BB2E58 /* Reminder.m in Sources */,
				6679BABE23856B8600D05FAD /* AppDelegate.m in Sources */,
				6679BACF23856B8700D05FAD /* main.m in Sources */,
				6679BAC123856B8600D05FAD /* SceneDelegate.m in Sources */,
				66F530C123880D0500BB2E58 /* ReminderTableViewCell.m in Sources */,
			);
			runOnlyForDeploymentPostprocessing = 0;
		};
/* End PBXSourcesBuildPhase section */

/* Begin PBXVariantGroup section */
		6679BAC523856B8600D05FAD /* Main.storyboard */ = {
			isa = PBXVariantGroup;
			children = (
				6679BAC623856B8600D05FAD /* Base */,
			);
			name = Main.storyboard;
			sourceTree = "<group>";
		};
		6679BACA23856B8700D05FAD /* LaunchScreen.storyboard */ = {
			isa = PBXVariantGroup;
			children = (
				6679BACB23856B8700D05FAD /* Base */,
			);
			name = LaunchScreen.storyboard;
			sourceTree = "<group>";
		};
/* End PBXVariantGroup section */

/* Begin XCBuildConfiguration section */
		6679BAD023856B8700D05FAD /* Debug */ = {
			isa = XCBuildConfiguration;
			buildSettings = {
				ALWAYS_SEARCH_USER_PATHS = NO;
				CLANG_ANALYZER_NONNULL = YES;
				CLANG_ANALYZER_NUMBER_OBJECT_CONVERSION = YES_AGGRESSIVE;
				CLANG_CXX_LANGUAGE_STANDARD = "gnu++14";
				CLANG_CXX_LIBRARY = "libc++";
				CLANG_ENABLE_MODULES = YES;
				CLANG_ENABLE_OBJC_ARC = YES;
				CLANG_ENABLE_OBJC_WEAK = YES;
				CLANG_WARN_BLOCK_CAPTURE_AUTORELEASING = YES;
				CLANG_WARN_BOOL_CONVERSION = YES;
				CLANG_WARN_COMMA = YES;
				CLANG_WARN_CONSTANT_CONVERSION = YES;
				CLANG_WARN_DEPRECATED_OBJC_IMPLEMENTATIONS = YES;
				CLANG_WARN_DIRECT_OBJC_ISA_USAGE = YES_ERROR;
				CLANG_WARN_DOCUMENTATION_COMMENTS = YES;
				CLANG_WARN_EMPTY_BODY = YES;
				CLANG_WARN_ENUM_CONVERSION = YES;
				CLANG_WARN_INFINITE_RECURSION = YES;
				CLANG_WARN_INT_CONVERSION = YES;
				CLANG_WARN_NON_LITERAL_NULL_CONVERSION = YES;
				CLANG_WARN_OBJC_IMPLICIT_RETAIN_SELF = YES;
				CLANG_WARN_OBJC_LITERAL_CONVERSION = YES;
				CLANG_WARN_OBJC_ROOT_CLASS = YES_ERROR;
				CLANG_WARN_RANGE_LOOP_ANALYSIS = YES;
				CLANG_WARN_STRICT_PROTOTYPES = YES;
				CLANG_WARN_SUSPICIOUS_MOVE = YES;
				CLANG_WARN_UNGUARDED_AVAILABILITY = YES_AGGRESSIVE;
				CLANG_WARN_UNREACHABLE_CODE = YES;
				CLANG_WARN__DUPLICATE_METHOD_MATCH = YES;
				COPY_PHASE_STRIP = NO;
				DEBUG_INFORMATION_FORMAT = dwarf;
				ENABLE_STRICT_OBJC_MSGSEND = YES;
				ENABLE_TESTABILITY = YES;
				GCC_C_LANGUAGE_STANDARD = gnu11;
				GCC_DYNAMIC_NO_PIC = NO;
				GCC_NO_COMMON_BLOCKS = YES;
				GCC_OPTIMIZATION_LEVEL = 0;
				GCC_PREPROCESSOR_DEFINITIONS = (
					"DEBUG=1",
					"$(inherited)",
				);
				GCC_WARN_64_TO_32_BIT_CONVERSION = YES;
				GCC_WARN_ABOUT_RETURN_TYPE = YES_ERROR;
				GCC_WARN_UNDECLARED_SELECTOR = YES;
				GCC_WARN_UNINITIALIZED_AUTOS = YES_AGGRESSIVE;
				GCC_WARN_UNUSED_FUNCTION = YES;
				GCC_WARN_UNUSED_VARIABLE = YES;
				IPHONEOS_DEPLOYMENT_TARGET = 13.2;
				MTL_ENABLE_DEBUG_INFO = INCLUDE_SOURCE;
				MTL_FAST_MATH = YES;
				ONLY_ACTIVE_ARCH = YES;
				SDKROOT = iphoneos;
			};
			name = Debug;
		};
		6679BAD123856B8700D05FAD /* Release */ = {
			isa = XCBuildConfiguration;
			buildSettings = {
				ALWAYS_SEARCH_USER_PATHS = NO;
				CLANG_ANALYZER_NONNULL = YES;
				CLANG_ANALYZER_NUMBER_OBJECT_CONVERSION = YES_AGGRESSIVE;
				CLANG_CXX_LANGUAGE_STANDARD = "gnu++14";
				CLANG_CXX_LIBRARY = "libc++";
				CLANG_ENABLE_MODULES = YES;
				CLANG_ENABLE_OBJC_ARC = YES;
				CLANG_ENABLE_OBJC_WEAK = YES;
				CLANG_WARN_BLOCK_CAPTURE_AUTORELEASING = YES;
				CLANG_WARN_BOOL_CONVERSION = YES;
				CLANG_WARN_COMMA = YES;
				CLANG_WARN_CONSTANT_CONVERSION = YES;
				CLANG_WARN_DEPRECATED_OBJC_IMPLEMENTATIONS = YES;
				CLANG_WARN_DIRECT_OBJC_ISA_USAGE = YES_ERROR;
				CLANG_WARN_DOCUMENTATION_COMMENTS = YES;
				CLANG_WARN_EMPTY_BODY = YES;
				CLANG_WARN_ENUM_CONVERSION = YES;
				CLANG_WARN_INFINITE_RECURSION = YES;
				CLANG_WARN_INT_CONVERSION = YES;
				CLANG_WARN_NON_LITERAL_NULL_CONVERSION = YES;
				CLANG_WARN_OBJC_IMPLICIT_RETAIN_SELF = YES;
				CLANG_WARN_OBJC_LITERAL_CONVERSION = YES;
				CLANG_WARN_OBJC_ROOT_CLASS = YES_ERROR;
				CLANG_WARN_RANGE_LOOP_ANALYSIS = YES;
				CLANG_WARN_STRICT_PROTOTYPES = YES;
				CLANG_WARN_SUSPICIOUS_MOVE = YES;
				CLANG_WARN_UNGUARDED_AVAILABILITY = YES_AGGRESSIVE;
				CLANG_WARN_UNREACHABLE_CODE = YES;
				CLANG_WARN__DUPLICATE_METHOD_MATCH = YES;
				COPY_PHASE_STRIP = NO;
				DEBUG_INFORMATION_FORMAT = "dwarf-with-dsym";
				ENABLE_NS_ASSERTIONS = NO;
				ENABLE_STRICT_OBJC_MSGSEND = YES;
				GCC_C_LANGUAGE_STANDARD = gnu11;
				GCC_NO_COMMON_BLOCKS = YES;
				GCC_WARN_64_TO_32_BIT_CONVERSION = YES;
				GCC_WARN_ABOUT_RETURN_TYPE = YES_ERROR;
				GCC_WARN_UNDECLARED_SELECTOR = YES;
				GCC_WARN_UNINITIALIZED_AUTOS = YES_AGGRESSIVE;
				GCC_WARN_UNUSED_FUNCTION = YES;
				GCC_WARN_UNUSED_VARIABLE = YES;
				IPHONEOS_DEPLOYMENT_TARGET = 13.2;
				MTL_ENABLE_DEBUG_INFO = NO;
				MTL_FAST_MATH = YES;
				SDKROOT = iphoneos;
				VALIDATE_PRODUCT = YES;
			};
			name = Release;
		};
		6679BAD323856B8700D05FAD /* Debug */ = {
			isa = XCBuildConfiguration;
			buildSettings = {
				ASSETCATALOG_COMPILER_APPICON_NAME = AppIcon;
				CODE_SIGN_STYLE = Automatic;
				INFOPLIST_FILE = Reminders/Info.plist;
				LD_RUNPATH_SEARCH_PATHS = (
					"$(inherited)",
					"@executable_path/Frameworks",
				);
				PRODUCT_BUNDLE_IDENTIFIER = "Ostap-Tyvonovych.Reminders";
				PRODUCT_NAME = "$(TARGET_NAME)";
				TARGETED_DEVICE_FAMILY = "1,2";
			};
			name = Debug;
		};
		6679BAD423856B8700D05FAD /* Release */ = {
			isa = XCBuildConfiguration;
			buildSettings = {
				ASSETCATALOG_COMPILER_APPICON_NAME = AppIcon;
				CODE_SIGN_STYLE = Automatic;
				INFOPLIST_FILE = Reminders/Info.plist;
				LD_RUNPATH_SEARCH_PATHS = (
					"$(inherited)",
					"@executable_path/Frameworks",
				);
				PRODUCT_BUNDLE_IDENTIFIER = "Ostap-Tyvonovych.Reminders";
				PRODUCT_NAME = "$(TARGET_NAME)";
				TARGETED_DEVICE_FAMILY = "1,2";
			};
			name = Release;
		};
/* End XCBuildConfiguration section */

/* Begin XCConfigurationList section */
		6679BAB423856B8600D05FAD /* Build configuration list for PBXProject "Reminders" */ = {
			isa = XCConfigurationList;
			buildConfigurations = (
				6679BAD023856B8700D05FAD /* Debug */,
				6679BAD123856B8700D05FAD /* Release */,
			);
			defaultConfigurationIsVisible = 0;
			defaultConfigurationName = Release;
		};
		6679BAD223856B8700D05FAD /* Build configuration list for PBXNativeTarget "Reminders" */ = {
			isa = XCConfigurationList;
			buildConfigurations = (
				6679BAD323856B8700D05FAD /* Debug */,
				6679BAD423856B8700D05FAD /* Release */,
			);
			defaultConfigurationIsVisible = 0;
			defaultConfigurationName = Release;
		};
/* End XCConfigurationList section */
	};
	rootObject = 6679BAB123856B8600D05FAD /* Project object */;
}
