// !$*UTF8*$!
{
	archiveVersion = 1;
	classes = {
	};
	objectVersion = 50;
	objects = {

/* Begin PBXBuildFile section */
		660E578823ABB22700A31913 /* RIDot.m in Sources */ = {isa = PBXBuildFile; fileRef = 660E578723ABB22700A31913 /* RIDot.m */; };
		661648B123B79B3D00A655A3 /* RIUIColor+Constants.m in Sources */ = {isa = PBXBuildFile; fileRef = 661648B023B79B3D00A655A3 /* RIUIColor+Constants.m */; };
		661648B523B79D6A00A655A3 /* RINSString+Constants.m in Sources */ = {isa = PBXBuildFile; fileRef = 661648B423B79D6A00A655A3 /* RINSString+Constants.m */; };
		66234BD223CC978E001FD833 /* RIResponse.m in Sources */ = {isa = PBXBuildFile; fileRef = 66234BD123CC978E001FD833 /* RIResponse.m */; };
		662C30E323CCC8D40036083E /* RIDetailViewController.storyboard in Resources */ = {isa = PBXBuildFile; fileRef = 662C30E223CCC8D40036083E /* RIDetailViewController.storyboard */; };
		66336AFD23B512FF00553D25 /* RIIcons.xcassets in Resources */ = {isa = PBXBuildFile; fileRef = 66336AFC23B512FF00553D25 /* RIIcons.xcassets */; };
		66336B0023B5150300553D25 /* RIUIColor+HexInit.m in Sources */ = {isa = PBXBuildFile; fileRef = 66336AFF23B5150300553D25 /* RIUIColor+HexInit.m */; };
		6635A44123E86B6800CA4B8B /* RINSError+ReminderError.m in Sources */ = {isa = PBXBuildFile; fileRef = 6635A44023E86B6800CA4B8B /* RINSError+ReminderError.m */; };
		66445F8B23B6720F0040F6A6 /* RIDotsControl.xib in Resources */ = {isa = PBXBuildFile; fileRef = 66445F8A23B6720F0040F6A6 /* RIDotsControl.xib */; };
		6656EEEC23B6355000C74B81 /* RIDotsControl.m in Sources */ = {isa = PBXBuildFile; fileRef = 6656EEEB23B6355000C74B81 /* RIDotsControl.m */; };
		665FB52323E870CC0009EC29 /* RIChangePasscodeStrategy.m in Sources */ = {isa = PBXBuildFile; fileRef = 665FB52223E870CC0009EC29 /* RIChangePasscodeStrategy.m */; };
		666CBAB423EC8153004EEEDB /* RIUIViewController+CurrentViewController.m in Sources */ = {isa = PBXBuildFile; fileRef = 666CBAB323EC8153004EEEDB /* RIUIViewController+CurrentViewController.m */; };
		6672DEFC23DB4EFB0098CF68 /* RIURLSchemeHandlerService.m in Sources */ = {isa = PBXBuildFile; fileRef = 6672DEFB23DB4EFB0098CF68 /* RIURLSchemeHandlerService.m */; };
		6674EDEC23C3501B00073DE8 /* RIImageAttachmentCollectionViewCell.m in Sources */ = {isa = PBXBuildFile; fileRef = 6674EDEB23C3501B00073DE8 /* RIImageAttachmentCollectionViewCell.m */; };
		6679BABE23856B8600D05FAD /* RIAppDelegate.m in Sources */ = {isa = PBXBuildFile; fileRef = 6679BABD23856B8600D05FAD /* RIAppDelegate.m */; };
		6679BAC123856B8600D05FAD /* RISceneDelegate.m in Sources */ = {isa = PBXBuildFile; fileRef = 6679BAC023856B8600D05FAD /* RISceneDelegate.m */; };
		6679BAC423856B8600D05FAD /* RITasksListViewController.m in Sources */ = {isa = PBXBuildFile; fileRef = 6679BAC323856B8600D05FAD /* RITasksListViewController.m */; };
		6679BAC923856B8700D05FAD /* Assets.xcassets in Resources */ = {isa = PBXBuildFile; fileRef = 6679BAC823856B8700D05FAD /* Assets.xcassets */; };
		6679BACC23856B8700D05FAD /* RILaunchScreen.storyboard in Resources */ = {isa = PBXBuildFile; fileRef = 6679BACA23856B8700D05FAD /* RILaunchScreen.storyboard */; };
		6679BACF23856B8700D05FAD /* main.m in Sources */ = {isa = PBXBuildFile; fileRef = 6679BACE23856B8700D05FAD /* main.m */; };
		668173FD23E827B500A960F8 /* RIEnterPasscodeStrategy.m in Sources */ = {isa = PBXBuildFile; fileRef = 668173FC23E827B500A960F8 /* RIEnterPasscodeStrategy.m */; };
		6681740023E82A8800A960F8 /* RIPasscodeStrategy.m in Sources */ = {isa = PBXBuildFile; fileRef = 668173FE23E82A8800A960F8 /* RIPasscodeStrategy.m */; };
		668793DB23E1A04B0044EDF4 /* RIPasscodeEntryViewController.storyboard in Resources */ = {isa = PBXBuildFile; fileRef = 668793DA23E1A04B0044EDF4 /* RIPasscodeEntryViewController.storyboard */; };
		668793DE23E1A0670044EDF4 /* RIPasscodeEntryViewController.m in Sources */ = {isa = PBXBuildFile; fileRef = 668793DD23E1A0670044EDF4 /* RIPasscodeEntryViewController.m */; };
		668B138923EDD13D00FD587A /* RIUIImage+Constants.m in Sources */ = {isa = PBXBuildFile; fileRef = 668B138823EDD13D00FD587A /* RIUIImage+Constants.m */; };
		6694CFEE23ABAC8800575602 /* RILockScreenViewController.storyboard in Resources */ = {isa = PBXBuildFile; fileRef = 6694CFED23ABAC8800575602 /* RILockScreenViewController.storyboard */; };
		6694CFF123ABACA000575602 /* RILockScreenViewController.m in Sources */ = {isa = PBXBuildFile; fileRef = 6694CFF023ABACA000575602 /* RILockScreenViewController.m */; };
		669D458623E2E1E50067396A /* RIPasscodeEntryView.xib in Resources */ = {isa = PBXBuildFile; fileRef = 669D458523E2E1E50067396A /* RIPasscodeEntryView.xib */; };
		669D458923E2E1FD0067396A /* RIPasscodeEntryView.m in Sources */ = {isa = PBXBuildFile; fileRef = 669D458823E2E1FD0067396A /* RIPasscodeEntryView.m */; };
		669D458C23E2EAFF0067396A /* RIDotConfiguration.m in Sources */ = {isa = PBXBuildFile; fileRef = 669D458B23E2EAFF0067396A /* RIDotConfiguration.m */; };
		66AC604923F2F8630012DF89 /* RINSDateFormatter+FormatOptions.m in Sources */ = {isa = PBXBuildFile; fileRef = 66AC604823F2F8630012DF89 /* RINSDateFormatter+FormatOptions.m */; };
		66B217D023B276530010D4B8 /* RIUIImage+ImageWithImageScaledToSize.m in Sources */ = {isa = PBXBuildFile; fileRef = 66B217CF23B276530010D4B8 /* RIUIImage+ImageWithImageScaledToSize.m */; };
		66B217D323B277600010D4B8 /* RINumberPad.m in Sources */ = {isa = PBXBuildFile; fileRef = 66B217D223B277600010D4B8 /* RINumberPad.m */; };
		66B217D623B2785F0010D4B8 /* RINumberPad.xib in Resources */ = {isa = PBXBuildFile; fileRef = 66B217D523B2785F0010D4B8 /* RINumberPad.xib */; };
		66BBBE992387F53000644D44 /* RITasksListViewController.storyboard in Resources */ = {isa = PBXBuildFile; fileRef = 66BBBE982387F53000644D44 /* RITasksListViewController.storyboard */; };
		66C0596623E468EB00832AE0 /* RISetNewPasscodeStrategy.m in Sources */ = {isa = PBXBuildFile; fileRef = 66C0596523E468EB00832AE0 /* RISetNewPasscodeStrategy.m */; };
		66C2CEF723B23545002C2104 /* RINumberPadButton.m in Sources */ = {isa = PBXBuildFile; fileRef = 66C2CEF623B23545002C2104 /* RINumberPadButton.m */; };
		66C5DE5C23DF18CE005985AB /* RITabBarController.storyboard in Resources */ = {isa = PBXBuildFile; fileRef = 66C5DE5B23DF18CE005985AB /* RITabBarController.storyboard */; };
		66C5DE5F23DF18FB005985AB /* RITabBarController.m in Sources */ = {isa = PBXBuildFile; fileRef = 66C5DE5E23DF18FB005985AB /* RITabBarController.m */; };
		66C5DE6123DF2377005985AB /* RISettingsViewController.storyboard in Resources */ = {isa = PBXBuildFile; fileRef = 66C5DE6023DF2377005985AB /* RISettingsViewController.storyboard */; };
		66C5DE6423DF238D005985AB /* RISettingsViewController.m in Sources */ = {isa = PBXBuildFile; fileRef = 66C5DE6323DF238D005985AB /* RISettingsViewController.m */; };
		66E3153023E98E4500E30F73 /* RISecureManager.m in Sources */ = {isa = PBXBuildFile; fileRef = 66E3152F23E98E4500E30F73 /* RISecureManager.m */; };
		66F530C123880D0500BB2E58 /* RIReminderTableViewCell.m in Sources */ = {isa = PBXBuildFile; fileRef = 66F530C023880D0500BB2E58 /* RIReminderTableViewCell.m */; };
		66F530C3238818DD00BB2E58 /* RIReminder.m in Sources */ = {isa = PBXBuildFile; fileRef = 66F530C2238818DD00BB2E58 /* RIReminder.m */; };
		847D7C1B2389E597004B008F /* RICreateReminderViewController.storyboard in Resources */ = {isa = PBXBuildFile; fileRef = 847D7C1A2389E597004B008F /* RICreateReminderViewController.storyboard */; };
		847D7C1E2389E5BE004B008F /* RICreateReminderViewController.m in Sources */ = {isa = PBXBuildFile; fileRef = 847D7C1D2389E5BE004B008F /* RICreateReminderViewController.m */; };
		84ACA6F5238A80D400DC8A90 /* RIDetailViewController.m in Sources */ = {isa = PBXBuildFile; fileRef = 84ACA6F4238A80D400DC8A90 /* RIDetailViewController.m */; };
/* End PBXBuildFile section */

/* Begin PBXFileReference section */
		660AF2BE23B4E5CA00390BFE /* RINumberPadDelegate.h */ = {isa = PBXFileReference; lastKnownFileType = sourcecode.c.h; path = RINumberPadDelegate.h; sourceTree = "<group>"; };
		660E578623ABB22700A31913 /* RIDot.h */ = {isa = PBXFileReference; lastKnownFileType = sourcecode.c.h; path = RIDot.h; sourceTree = "<group>"; };
		660E578723ABB22700A31913 /* RIDot.m */ = {isa = PBXFileReference; lastKnownFileType = sourcecode.c.objc; path = RIDot.m; sourceTree = "<group>"; };
		661648AF23B79B3D00A655A3 /* RIUIColor+Constants.h */ = {isa = PBXFileReference; lastKnownFileType = sourcecode.c.h; path = "RIUIColor+Constants.h"; sourceTree = "<group>"; };
		661648B023B79B3D00A655A3 /* RIUIColor+Constants.m */ = {isa = PBXFileReference; lastKnownFileType = sourcecode.c.objc; path = "RIUIColor+Constants.m"; sourceTree = "<group>"; };
		661648B323B79D6A00A655A3 /* RINSString+Constants.h */ = {isa = PBXFileReference; lastKnownFileType = sourcecode.c.h; path = "RINSString+Constants.h"; sourceTree = "<group>"; };
		661648B423B79D6A00A655A3 /* RINSString+Constants.m */ = {isa = PBXFileReference; lastKnownFileType = sourcecode.c.objc; path = "RINSString+Constants.m"; sourceTree = "<group>"; };
		66234BD023CC978E001FD833 /* RIResponse.h */ = {isa = PBXFileReference; lastKnownFileType = sourcecode.c.h; path = RIResponse.h; sourceTree = "<group>"; };
		66234BD123CC978E001FD833 /* RIResponse.m */ = {isa = PBXFileReference; lastKnownFileType = sourcecode.c.objc; path = RIResponse.m; sourceTree = "<group>"; };
		66234BD323CCA49E001FD833 /* RIError.h */ = {isa = PBXFileReference; lastKnownFileType = sourcecode.c.h; path = RIError.h; sourceTree = "<group>"; };
		662C30E223CCC8D40036083E /* RIDetailViewController.storyboard */ = {isa = PBXFileReference; fileEncoding = 4; lastKnownFileType = file.storyboard; path = RIDetailViewController.storyboard; sourceTree = "<group>"; };
		6632229C23E82FA0001996D5 /* RIPasscodeStrategySubclass.h */ = {isa = PBXFileReference; lastKnownFileType = sourcecode.c.h; path = RIPasscodeStrategySubclass.h; sourceTree = "<group>"; };
		66336AFC23B512FF00553D25 /* RIIcons.xcassets */ = {isa = PBXFileReference; lastKnownFileType = folder.assetcatalog; path = RIIcons.xcassets; sourceTree = "<group>"; };
		66336AFE23B5150300553D25 /* RIUIColor+HexInit.h */ = {isa = PBXFileReference; lastKnownFileType = sourcecode.c.h; path = "RIUIColor+HexInit.h"; sourceTree = "<group>"; };
		66336AFF23B5150300553D25 /* RIUIColor+HexInit.m */ = {isa = PBXFileReference; lastKnownFileType = sourcecode.c.objc; path = "RIUIColor+HexInit.m"; sourceTree = "<group>"; };
		6635A43F23E86B6800CA4B8B /* RINSError+ReminderError.h */ = {isa = PBXFileReference; lastKnownFileType = sourcecode.c.h; path = "RINSError+ReminderError.h"; sourceTree = "<group>"; };
		6635A44023E86B6800CA4B8B /* RINSError+ReminderError.m */ = {isa = PBXFileReference; lastKnownFileType = sourcecode.c.objc; path = "RINSError+ReminderError.m"; sourceTree = "<group>"; };
		66445F8A23B6720F0040F6A6 /* RIDotsControl.xib */ = {isa = PBXFileReference; lastKnownFileType = file.xib; path = RIDotsControl.xib; sourceTree = "<group>"; };
		664EDC8B23E1F14E00A8B5E0 /* RIPasscodeStrategyProtocol.h */ = {isa = PBXFileReference; lastKnownFileType = sourcecode.c.h; path = RIPasscodeStrategyProtocol.h; sourceTree = "<group>"; };
		6656EEEA23B6355000C74B81 /* RIDotsControl.h */ = {isa = PBXFileReference; lastKnownFileType = sourcecode.c.h; path = RIDotsControl.h; sourceTree = "<group>"; };
		6656EEEB23B6355000C74B81 /* RIDotsControl.m */ = {isa = PBXFileReference; lastKnownFileType = sourcecode.c.objc; path = RIDotsControl.m; sourceTree = "<group>"; wrapsLines = 1; };
		665E585423E7128C00AA998D /* RIPasscodeEntryState.h */ = {isa = PBXFileReference; lastKnownFileType = sourcecode.c.h; path = RIPasscodeEntryState.h; sourceTree = "<group>"; };
		665FB52123E870CC0009EC29 /* RIChangePasscodeStrategy.h */ = {isa = PBXFileReference; lastKnownFileType = sourcecode.c.h; path = RIChangePasscodeStrategy.h; sourceTree = "<group>"; };
		665FB52223E870CC0009EC29 /* RIChangePasscodeStrategy.m */ = {isa = PBXFileReference; lastKnownFileType = sourcecode.c.objc; path = RIChangePasscodeStrategy.m; sourceTree = "<group>"; };
		666994FD2385900700EA2129 /* RISceneDelegate.h */ = {isa = PBXFileReference; lastKnownFileType = sourcecode.c.h; path = RISceneDelegate.h; sourceTree = "<group>"; };
		666CBAB223EC8153004EEEDB /* RIUIViewController+CurrentViewController.h */ = {isa = PBXFileReference; lastKnownFileType = sourcecode.c.h; path = "RIUIViewController+CurrentViewController.h"; sourceTree = "<group>"; };
		666CBAB323EC8153004EEEDB /* RIUIViewController+CurrentViewController.m */ = {isa = PBXFileReference; lastKnownFileType = sourcecode.c.objc; path = "RIUIViewController+CurrentViewController.m"; sourceTree = "<group>"; };
		666DE83823D0841100C56A57 /* RICreateReminderDelegate.h */ = {isa = PBXFileReference; lastKnownFileType = sourcecode.c.h; path = RICreateReminderDelegate.h; sourceTree = "<group>"; };
		6672DEFA23DB4EFB0098CF68 /* RIURLSchemeHandlerService.h */ = {isa = PBXFileReference; lastKnownFileType = sourcecode.c.h; path = RIURLSchemeHandlerService.h; sourceTree = "<group>"; };
		6672DEFB23DB4EFB0098CF68 /* RIURLSchemeHandlerService.m */ = {isa = PBXFileReference; lastKnownFileType = sourcecode.c.objc; path = RIURLSchemeHandlerService.m; sourceTree = "<group>"; };
		6674EDEA23C3501B00073DE8 /* RIImageAttachmentCollectionViewCell.h */ = {isa = PBXFileReference; lastKnownFileType = sourcecode.c.h; path = RIImageAttachmentCollectionViewCell.h; sourceTree = "<group>"; };
		6674EDEB23C3501B00073DE8 /* RIImageAttachmentCollectionViewCell.m */ = {isa = PBXFileReference; lastKnownFileType = sourcecode.c.objc; path = RIImageAttachmentCollectionViewCell.m; sourceTree = "<group>"; wrapsLines = 1; };
		6679BAB923856B8600D05FAD /* Reminders.app */ = {isa = PBXFileReference; explicitFileType = wrapper.application; includeInIndex = 0; path = Reminders.app; sourceTree = BUILT_PRODUCTS_DIR; };
		6679BABC23856B8600D05FAD /* RIAppDelegate.h */ = {isa = PBXFileReference; lastKnownFileType = sourcecode.c.h; path = RIAppDelegate.h; sourceTree = "<group>"; };
		6679BABD23856B8600D05FAD /* RIAppDelegate.m */ = {isa = PBXFileReference; lastKnownFileType = sourcecode.c.objc; path = RIAppDelegate.m; sourceTree = "<group>"; };
		6679BAC023856B8600D05FAD /* RISceneDelegate.m */ = {isa = PBXFileReference; lastKnownFileType = sourcecode.c.objc; path = RISceneDelegate.m; sourceTree = "<group>"; wrapsLines = 1; };
		6679BAC223856B8600D05FAD /* RITasksListViewController.h */ = {isa = PBXFileReference; lastKnownFileType = sourcecode.c.h; path = RITasksListViewController.h; sourceTree = "<group>"; };
		6679BAC323856B8600D05FAD /* RITasksListViewController.m */ = {isa = PBXFileReference; lastKnownFileType = sourcecode.c.objc; path = RITasksListViewController.m; sourceTree = "<group>"; };
		6679BAC823856B8700D05FAD /* Assets.xcassets */ = {isa = PBXFileReference; lastKnownFileType = folder.assetcatalog; path = Assets.xcassets; sourceTree = "<group>"; };
		6679BACB23856B8700D05FAD /* Base */ = {isa = PBXFileReference; lastKnownFileType = file.storyboard; name = Base; path = Base.lproj/RILaunchScreen.storyboard; sourceTree = "<group>"; };
		6679BACD23856B8700D05FAD /* Info.plist */ = {isa = PBXFileReference; lastKnownFileType = text.plist.xml; path = Info.plist; sourceTree = "<group>"; };
		6679BACE23856B8700D05FAD /* main.m */ = {isa = PBXFileReference; lastKnownFileType = sourcecode.c.objc; path = main.m; sourceTree = "<group>"; };
		668173FB23E827B500A960F8 /* RIEnterPasscodeStrategy.h */ = {isa = PBXFileReference; lastKnownFileType = sourcecode.c.h; path = RIEnterPasscodeStrategy.h; sourceTree = "<group>"; };
		668173FC23E827B500A960F8 /* RIEnterPasscodeStrategy.m */ = {isa = PBXFileReference; lastKnownFileType = sourcecode.c.objc; path = RIEnterPasscodeStrategy.m; sourceTree = "<group>"; wrapsLines = 1; };
		668173FE23E82A8800A960F8 /* RIPasscodeStrategy.m */ = {isa = PBXFileReference; fileEncoding = 4; lastKnownFileType = sourcecode.c.objc; path = RIPasscodeStrategy.m; sourceTree = "<group>"; };
		668173FF23E82A8800A960F8 /* RIPasscodeStrategy.h */ = {isa = PBXFileReference; fileEncoding = 4; lastKnownFileType = sourcecode.c.h; path = RIPasscodeStrategy.h; sourceTree = "<group>"; };
		668793DA23E1A04B0044EDF4 /* RIPasscodeEntryViewController.storyboard */ = {isa = PBXFileReference; lastKnownFileType = file.storyboard; path = RIPasscodeEntryViewController.storyboard; sourceTree = "<group>"; };
		668793DC23E1A0670044EDF4 /* RIPasscodeEntryViewController.h */ = {isa = PBXFileReference; lastKnownFileType = sourcecode.c.h; path = RIPasscodeEntryViewController.h; sourceTree = "<group>"; };
		668793DD23E1A0670044EDF4 /* RIPasscodeEntryViewController.m */ = {isa = PBXFileReference; lastKnownFileType = sourcecode.c.objc; path = RIPasscodeEntryViewController.m; sourceTree = "<group>"; };
		668B138723EDD13D00FD587A /* RIUIImage+Constants.h */ = {isa = PBXFileReference; lastKnownFileType = sourcecode.c.h; path = "RIUIImage+Constants.h"; sourceTree = "<group>"; };
		668B138823EDD13D00FD587A /* RIUIImage+Constants.m */ = {isa = PBXFileReference; lastKnownFileType = sourcecode.c.objc; path = "RIUIImage+Constants.m"; sourceTree = "<group>"; };
		668BA20F23E054A8001283E3 /* RISettingsDataSource.h */ = {isa = PBXFileReference; lastKnownFileType = sourcecode.c.h; path = RISettingsDataSource.h; sourceTree = "<group>"; };
		6694CFED23ABAC8800575602 /* RILockScreenViewController.storyboard */ = {isa = PBXFileReference; lastKnownFileType = file.storyboard; path = RILockScreenViewController.storyboard; sourceTree = "<group>"; };
		6694CFEF23ABACA000575602 /* RILockScreenViewController.h */ = {isa = PBXFileReference; lastKnownFileType = sourcecode.c.h; path = RILockScreenViewController.h; sourceTree = "<group>"; };
		6694CFF023ABACA000575602 /* RILockScreenViewController.m */ = {isa = PBXFileReference; lastKnownFileType = sourcecode.c.objc; path = RILockScreenViewController.m; sourceTree = "<group>"; };
		669D458523E2E1E50067396A /* RIPasscodeEntryView.xib */ = {isa = PBXFileReference; lastKnownFileType = file.xib; path = RIPasscodeEntryView.xib; sourceTree = "<group>"; };
		669D458723E2E1FD0067396A /* RIPasscodeEntryView.h */ = {isa = PBXFileReference; lastKnownFileType = sourcecode.c.h; path = RIPasscodeEntryView.h; sourceTree = "<group>"; };
		669D458823E2E1FD0067396A /* RIPasscodeEntryView.m */ = {isa = PBXFileReference; lastKnownFileType = sourcecode.c.objc; path = RIPasscodeEntryView.m; sourceTree = "<group>"; };
		669D458A23E2EAFF0067396A /* RIDotConfiguration.h */ = {isa = PBXFileReference; lastKnownFileType = sourcecode.c.h; path = RIDotConfiguration.h; sourceTree = "<group>"; };
		669D458B23E2EAFF0067396A /* RIDotConfiguration.m */ = {isa = PBXFileReference; lastKnownFileType = sourcecode.c.objc; path = RIDotConfiguration.m; sourceTree = "<group>"; wrapsLines = 1; };
		669E87DE23B100470050D221 /* GDNumberPadButton.m */ = {isa = PBXFileReference; lastKnownFileType = sourcecode.c.objc; path = GDNumberPadButton.m; sourceTree = "<group>"; };
		66AC604723F2F8630012DF89 /* RINSDateFormatter+FormatOptions.h */ = {isa = PBXFileReference; lastKnownFileType = sourcecode.c.h; path = "RINSDateFormatter+FormatOptions.h"; sourceTree = "<group>"; };
		66AC604823F2F8630012DF89 /* RINSDateFormatter+FormatOptions.m */ = {isa = PBXFileReference; lastKnownFileType = sourcecode.c.objc; path = "RINSDateFormatter+FormatOptions.m"; sourceTree = "<group>"; };
		66B217CE23B276530010D4B8 /* RIUIImage+ImageWithImageScaledToSize.h */ = {isa = PBXFileReference; lastKnownFileType = sourcecode.c.h; path = "RIUIImage+ImageWithImageScaledToSize.h"; sourceTree = "<group>"; };
		66B217CF23B276530010D4B8 /* RIUIImage+ImageWithImageScaledToSize.m */ = {isa = PBXFileReference; lastKnownFileType = sourcecode.c.objc; path = "RIUIImage+ImageWithImageScaledToSize.m"; sourceTree = "<group>"; };
		66B217D123B277600010D4B8 /* RINumberPad.h */ = {isa = PBXFileReference; lastKnownFileType = sourcecode.c.h; path = RINumberPad.h; sourceTree = "<group>"; };
		66B217D223B277600010D4B8 /* RINumberPad.m */ = {isa = PBXFileReference; lastKnownFileType = sourcecode.c.objc; path = RINumberPad.m; sourceTree = "<group>"; wrapsLines = 1; };
		66B217D523B2785F0010D4B8 /* RINumberPad.xib */ = {isa = PBXFileReference; lastKnownFileType = file.xib; path = RINumberPad.xib; sourceTree = "<group>"; };
		66BAF4C923B792590058C766 /* RIConstants.h */ = {isa = PBXFileReference; lastKnownFileType = sourcecode.c.h; path = RIConstants.h; sourceTree = "<group>"; wrapsLines = 1; };
		66BBBE982387F53000644D44 /* RITasksListViewController.storyboard */ = {isa = PBXFileReference; lastKnownFileType = file.storyboard; path = RITasksListViewController.storyboard; sourceTree = "<group>"; };
		66C0596423E468EB00832AE0 /* RISetNewPasscodeStrategy.h */ = {isa = PBXFileReference; lastKnownFileType = sourcecode.c.h; path = RISetNewPasscodeStrategy.h; sourceTree = "<group>"; };
		66C0596523E468EB00832AE0 /* RISetNewPasscodeStrategy.m */ = {isa = PBXFileReference; lastKnownFileType = sourcecode.c.objc; path = RISetNewPasscodeStrategy.m; sourceTree = "<group>"; };
		66C2CEF523B23545002C2104 /* RINumberPadButton.h */ = {isa = PBXFileReference; fileEncoding = 4; lastKnownFileType = sourcecode.c.h; path = RINumberPadButton.h; sourceTree = "<group>"; };
		66C2CEF623B23545002C2104 /* RINumberPadButton.m */ = {isa = PBXFileReference; fileEncoding = 4; lastKnownFileType = sourcecode.c.objc; path = RINumberPadButton.m; sourceTree = "<group>"; wrapsLines = 1; };
		66C5DE5B23DF18CE005985AB /* RITabBarController.storyboard */ = {isa = PBXFileReference; lastKnownFileType = file.storyboard; path = RITabBarController.storyboard; sourceTree = "<group>"; };
		66C5DE5D23DF18FB005985AB /* RITabBarController.h */ = {isa = PBXFileReference; lastKnownFileType = sourcecode.c.h; path = RITabBarController.h; sourceTree = "<group>"; };
		66C5DE5E23DF18FB005985AB /* RITabBarController.m */ = {isa = PBXFileReference; lastKnownFileType = sourcecode.c.objc; path = RITabBarController.m; sourceTree = "<group>"; };
		66C5DE6023DF2377005985AB /* RISettingsViewController.storyboard */ = {isa = PBXFileReference; lastKnownFileType = file.storyboard; path = RISettingsViewController.storyboard; sourceTree = "<group>"; };
		66C5DE6223DF238D005985AB /* RISettingsViewController.h */ = {isa = PBXFileReference; lastKnownFileType = sourcecode.c.h; path = RISettingsViewController.h; sourceTree = "<group>"; };
		66C5DE6323DF238D005985AB /* RISettingsViewController.m */ = {isa = PBXFileReference; lastKnownFileType = sourcecode.c.objc; path = RISettingsViewController.m; sourceTree = "<group>"; wrapsLines = 1; };
		66DD418523F2BD35009F38F1 /* RISecureManagerError.h */ = {isa = PBXFileReference; lastKnownFileType = sourcecode.c.h; path = RISecureManagerError.h; sourceTree = "<group>"; };
		66E3152E23E98E4500E30F73 /* RISecureManager.h */ = {isa = PBXFileReference; lastKnownFileType = sourcecode.c.h; path = RISecureManager.h; sourceTree = "<group>"; wrapsLines = 1; };
		66E3152F23E98E4500E30F73 /* RISecureManager.m */ = {isa = PBXFileReference; lastKnownFileType = sourcecode.c.objc; path = RISecureManager.m; sourceTree = "<group>"; wrapsLines = 1; };
		66F530BF23880D0500BB2E58 /* RIReminderTableViewCell.h */ = {isa = PBXFileReference; lastKnownFileType = sourcecode.c.h; path = RIReminderTableViewCell.h; sourceTree = "<group>"; };
		66F530C023880D0500BB2E58 /* RIReminderTableViewCell.m */ = {isa = PBXFileReference; lastKnownFileType = sourcecode.c.objc; path = RIReminderTableViewCell.m; sourceTree = "<group>"; };
		66F530C2238818DD00BB2E58 /* RIReminder.m */ = {isa = PBXFileReference; lastKnownFileType = sourcecode.c.objc; path = RIReminder.m; sourceTree = "<group>"; };
		66F530C4238818EC00BB2E58 /* RIReminder.h */ = {isa = PBXFileReference; lastKnownFileType = sourcecode.c.h; path = RIReminder.h; sourceTree = "<group>"; wrapsLines = 1; };
		66F8FA3C23E70D97001B3CA8 /* RIPasscodeEntryDelegate.h */ = {isa = PBXFileReference; lastKnownFileType = sourcecode.c.h; path = RIPasscodeEntryDelegate.h; sourceTree = "<group>"; };
		66F8FA3E23E710CC001B3CA8 /* RIPasscodeEntryOption.h */ = {isa = PBXFileReference; lastKnownFileType = sourcecode.c.h; path = RIPasscodeEntryOption.h; sourceTree = "<group>"; };
		66F8FA3F23E71177001B3CA8 /* RISettingsCellType.h */ = {isa = PBXFileReference; lastKnownFileType = sourcecode.c.h; path = RISettingsCellType.h; sourceTree = "<group>"; };
		847D7C1A2389E597004B008F /* RICreateReminderViewController.storyboard */ = {isa = PBXFileReference; lastKnownFileType = file.storyboard; path = RICreateReminderViewController.storyboard; sourceTree = "<group>"; };
		847D7C1C2389E5BE004B008F /* RICreateReminderViewController.h */ = {isa = PBXFileReference; lastKnownFileType = sourcecode.c.h; path = RICreateReminderViewController.h; sourceTree = "<group>"; };
		847D7C1D2389E5BE004B008F /* RICreateReminderViewController.m */ = {isa = PBXFileReference; lastKnownFileType = sourcecode.c.objc; path = RICreateReminderViewController.m; sourceTree = "<group>"; wrapsLines = 1; };
		84ACA6F3238A80D400DC8A90 /* RIDetailViewController.h */ = {isa = PBXFileReference; lastKnownFileType = sourcecode.c.h; path = RIDetailViewController.h; sourceTree = "<group>"; };
		84ACA6F4238A80D400DC8A90 /* RIDetailViewController.m */ = {isa = PBXFileReference; lastKnownFileType = sourcecode.c.objc; path = RIDetailViewController.m; sourceTree = "<group>"; };
/* End PBXFileReference section */

/* Begin PBXFrameworksBuildPhase section */
		6679BAB623856B8600D05FAD /* Frameworks */ = {
			isa = PBXFrameworksBuildPhase;
			buildActionMask = 2147483647;
			files = (
			);
			runOnlyForDeploymentPostprocessing = 0;
		};
/* End PBXFrameworksBuildPhase section */

/* Begin PBXGroup section */
		660E578223ABB1CC00A31913 /* Custom UI elements */ = {
			isa = PBXGroup;
			children = (
				660E578623ABB22700A31913 /* RIDot.h */,
				660E578723ABB22700A31913 /* RIDot.m */,
				6656EEEA23B6355000C74B81 /* RIDotsControl.h */,
				6656EEEB23B6355000C74B81 /* RIDotsControl.m */,
				66C2CEF523B23545002C2104 /* RINumberPadButton.h */,
				66C2CEF623B23545002C2104 /* RINumberPadButton.m */,
				66B217D123B277600010D4B8 /* RINumberPad.h */,
				66B217D223B277600010D4B8 /* RINumberPad.m */,
			);
			path = "Custom UI elements";
			sourceTree = "<group>";
		};
		661648AD23B79A9C00A655A3 /* Launch screen */ = {
			isa = PBXGroup;
			children = (
				6679BACA23856B8700D05FAD /* RILaunchScreen.storyboard */,
			);
			path = "Launch screen";
			sourceTree = "<group>";
		};
		661648AE23B79B2300A655A3 /* UIColor */ = {
			isa = PBXGroup;
			children = (
				661648AF23B79B3D00A655A3 /* RIUIColor+Constants.h */,
				661648B023B79B3D00A655A3 /* RIUIColor+Constants.m */,
				66336AFE23B5150300553D25 /* RIUIColor+HexInit.h */,
				66336AFF23B5150300553D25 /* RIUIColor+HexInit.m */,
			);
			path = UIColor;
			sourceTree = "<group>";
		};
		661648B223B79D5200A655A3 /* NSString */ = {
			isa = PBXGroup;
			children = (
				661648B323B79D6A00A655A3 /* RINSString+Constants.h */,
				661648B423B79D6A00A655A3 /* RINSString+Constants.m */,
			);
			path = NSString;
			sourceTree = "<group>";
		};
		66234BD423CCA4A5001FD833 /* Errors */ = {
			isa = PBXGroup;
			children = (
				66234BD323CCA49E001FD833 /* RIError.h */,
				66DD418523F2BD35009F38F1 /* RISecureManagerError.h */,
			);
			path = Errors;
			sourceTree = "<group>";
		};
		6635A43E23E86B4500CA4B8B /* NSError */ = {
			isa = PBXGroup;
			children = (
				6635A43F23E86B6800CA4B8B /* RINSError+ReminderError.h */,
				6635A44023E86B6800CA4B8B /* RINSError+ReminderError.m */,
			);
			path = NSError;
			sourceTree = "<group>";
		};
		6663B33423E83D1F001E5FEC /* RIPasscodeStrategy (abstract class) */ = {
			isa = PBXGroup;
			children = (
				668173FF23E82A8800A960F8 /* RIPasscodeStrategy.h */,
				6632229C23E82FA0001996D5 /* RIPasscodeStrategySubclass.h */,
				668173FE23E82A8800A960F8 /* RIPasscodeStrategy.m */,
			);
			path = "RIPasscodeStrategy (abstract class)";
			sourceTree = "<group>";
		};
		666CBAB123EC8131004EEEDB /* UIViewController */ = {
			isa = PBXGroup;
			children = (
				666CBAB223EC8153004EEEDB /* RIUIViewController+CurrentViewController.h */,
				666CBAB323EC8153004EEEDB /* RIUIViewController+CurrentViewController.m */,
			);
			path = UIViewController;
			sourceTree = "<group>";
		};
		6672DEF923DB4EC40098CF68 /* Services */ = {
			isa = PBXGroup;
			children = (
				6672DEFA23DB4EFB0098CF68 /* RIURLSchemeHandlerService.h */,
				6672DEFB23DB4EFB0098CF68 /* RIURLSchemeHandlerService.m */,
			);
			path = Services;
			sourceTree = "<group>";
		};
		6674EDED23C3511A00073DE8 /* UITableView */ = {
			isa = PBXGroup;
			children = (
				66F530BF23880D0500BB2E58 /* RIReminderTableViewCell.h */,
				66F530C023880D0500BB2E58 /* RIReminderTableViewCell.m */,
			);
			path = UITableView;
			sourceTree = "<group>";
		};
		6674EDEE23C3513500073DE8 /* UICollectionView */ = {
			isa = PBXGroup;
			children = (
				6674EDEA23C3501B00073DE8 /* RIImageAttachmentCollectionViewCell.h */,
				6674EDEB23C3501B00073DE8 /* RIImageAttachmentCollectionViewCell.m */,
			);
			path = UICollectionView;
			sourceTree = "<group>";
		};
		6679BAB023856B8600D05FAD = {
			isa = PBXGroup;
			children = (
				6679BABB23856B8600D05FAD /* Reminders */,
				6679BABA23856B8600D05FAD /* Products */,
				66C2CEF423B23504002C2104 /* Recovered References */,
			);
			sourceTree = "<group>";
		};
		6679BABA23856B8600D05FAD /* Products */ = {
			isa = PBXGroup;
			children = (
				6679BAB923856B8600D05FAD /* Reminders.app */,
			);
			name = Products;
			sourceTree = "<group>";
		};
		6679BABB23856B8600D05FAD /* Reminders */ = {
			isa = PBXGroup;
			children = (
				66BAF4C823B791F20058C766 /* Constants */,
				66B217CB23B2759F0010D4B8 /* Categories */,
				6679BABC23856B8600D05FAD /* RIAppDelegate.h */,
				6679BABD23856B8600D05FAD /* RIAppDelegate.m */,
				666994FD2385900700EA2129 /* RISceneDelegate.h */,
				6679BAC023856B8600D05FAD /* RISceneDelegate.m */,
				66BBBE962387F4DC00644D44 /* Models */,
				66BBBE972387F4E600644D44 /* Views */,
				66BBBE952387F4CA00644D44 /* Controllers */,
				6672DEF923DB4EC40098CF68 /* Services */,
				66C0596323E4687A00832AE0 /* Strategies */,
				66E3152D23E98E2900E30F73 /* Secure Manager */,
				847D7C1F2389EDE5004B008F /* Protocols */,
				66F8FA3D23E710B1001B3CA8 /* Enums */,
				669D458423E2E1B00067396A /* Embedded views */,
				660E578223ABB1CC00A31913 /* Custom UI elements */,
				66B217D423B277FC0010D4B8 /* Xib-files */,
				66EFC39523B245DC00695249 /* Icons */,
				66234BD423CCA4A5001FD833 /* Errors */,
				6679BAC823856B8700D05FAD /* Assets.xcassets */,
				6679BACD23856B8700D05FAD /* Info.plist */,
				6679BACE23856B8700D05FAD /* main.m */,
			);
			path = Reminders;
			sourceTree = "<group>";
		};
		669D458423E2E1B00067396A /* Embedded views */ = {
			isa = PBXGroup;
			children = (
				669D458723E2E1FD0067396A /* RIPasscodeEntryView.h */,
				669D458823E2E1FD0067396A /* RIPasscodeEntryView.m */,
				669D458523E2E1E50067396A /* RIPasscodeEntryView.xib */,
			);
			path = "Embedded views";
			sourceTree = "<group>";
		};
		66AC604623F2F82B0012DF89 /* NSDateFormatter */ = {
			isa = PBXGroup;
			children = (
				66AC604723F2F8630012DF89 /* RINSDateFormatter+FormatOptions.h */,
				66AC604823F2F8630012DF89 /* RINSDateFormatter+FormatOptions.m */,
			);
			path = NSDateFormatter;
			sourceTree = "<group>";
		};
		66B217CB23B2759F0010D4B8 /* Categories */ = {
			isa = PBXGroup;
			children = (
				661648B223B79D5200A655A3 /* NSString */,
				6635A43E23E86B4500CA4B8B /* NSError */,
				66AC604623F2F82B0012DF89 /* NSDateFormatter */,
				666CBAB123EC8131004EEEDB /* UIViewController */,
				661648AE23B79B2300A655A3 /* UIColor */,
				66B217CC23B275A50010D4B8 /* UIImage */,
			);
			path = Categories;
			sourceTree = "<group>";
		};
		66B217CC23B275A50010D4B8 /* UIImage */ = {
			isa = PBXGroup;
			children = (
				668B138723EDD13D00FD587A /* RIUIImage+Constants.h */,
				668B138823EDD13D00FD587A /* RIUIImage+Constants.m */,
				66B217CE23B276530010D4B8 /* RIUIImage+ImageWithImageScaledToSize.h */,
				66B217CF23B276530010D4B8 /* RIUIImage+ImageWithImageScaledToSize.m */,
			);
			path = UIImage;
			sourceTree = "<group>";
		};
		66B217D423B277FC0010D4B8 /* Xib-files */ = {
			isa = PBXGroup;
			children = (
				66445F8A23B6720F0040F6A6 /* RIDotsControl.xib */,
				66B217D523B2785F0010D4B8 /* RINumberPad.xib */,
			);
			path = "Xib-files";
			sourceTree = "<group>";
		};
		66BAF4C823B791F20058C766 /* Constants */ = {
			isa = PBXGroup;
			children = (
				66BAF4C923B792590058C766 /* RIConstants.h */,
			);
			path = Constants;
			sourceTree = "<group>";
		};
		66BBBE952387F4CA00644D44 /* Controllers */ = {
			isa = PBXGroup;
			children = (
				66F530BE23880C9400BB2E58 /* Cells */,
				6694CFEF23ABACA000575602 /* RILockScreenViewController.h */,
				6694CFF023ABACA000575602 /* RILockScreenViewController.m */,
				66C5DE5D23DF18FB005985AB /* RITabBarController.h */,
				66C5DE5E23DF18FB005985AB /* RITabBarController.m */,
				6679BAC223856B8600D05FAD /* RITasksListViewController.h */,
				6679BAC323856B8600D05FAD /* RITasksListViewController.m */,
				847D7C1C2389E5BE004B008F /* RICreateReminderViewController.h */,
				847D7C1D2389E5BE004B008F /* RICreateReminderViewController.m */,
				84ACA6F3238A80D400DC8A90 /* RIDetailViewController.h */,
				84ACA6F4238A80D400DC8A90 /* RIDetailViewController.m */,
				66C5DE6223DF238D005985AB /* RISettingsViewController.h */,
				66C5DE6323DF238D005985AB /* RISettingsViewController.m */,
				668793DC23E1A0670044EDF4 /* RIPasscodeEntryViewController.h */,
				668793DD23E1A0670044EDF4 /* RIPasscodeEntryViewController.m */,
			);
			path = Controllers;
			sourceTree = "<group>";
		};
		66BBBE962387F4DC00644D44 /* Models */ = {
			isa = PBXGroup;
			children = (
				66F530C4238818EC00BB2E58 /* RIReminder.h */,
				66F530C2238818DD00BB2E58 /* RIReminder.m */,
				66234BD023CC978E001FD833 /* RIResponse.h */,
				66234BD123CC978E001FD833 /* RIResponse.m */,
				669D458A23E2EAFF0067396A /* RIDotConfiguration.h */,
				669D458B23E2EAFF0067396A /* RIDotConfiguration.m */,
			);
			path = Models;
			sourceTree = "<group>";
		};
		66BBBE972387F4E600644D44 /* Views */ = {
			isa = PBXGroup;
			children = (
				661648AD23B79A9C00A655A3 /* Launch screen */,
				6694CFED23ABAC8800575602 /* RILockScreenViewController.storyboard */,
				66C5DE5B23DF18CE005985AB /* RITabBarController.storyboard */,
				66BBBE982387F53000644D44 /* RITasksListViewController.storyboard */,
				847D7C1A2389E597004B008F /* RICreateReminderViewController.storyboard */,
				662C30E223CCC8D40036083E /* RIDetailViewController.storyboard */,
				66C5DE6023DF2377005985AB /* RISettingsViewController.storyboard */,
				668793DA23E1A04B0044EDF4 /* RIPasscodeEntryViewController.storyboard */,
			);
			path = Views;
			sourceTree = "<group>";
		};
		66C0596323E4687A00832AE0 /* Strategies */ = {
			isa = PBXGroup;
			children = (
				6663B33423E83D1F001E5FEC /* RIPasscodeStrategy (abstract class) */,
				66C0596423E468EB00832AE0 /* RISetNewPasscodeStrategy.h */,
				66C0596523E468EB00832AE0 /* RISetNewPasscodeStrategy.m */,
				668173FB23E827B500A960F8 /* RIEnterPasscodeStrategy.h */,
				668173FC23E827B500A960F8 /* RIEnterPasscodeStrategy.m */,
				665FB52123E870CC0009EC29 /* RIChangePasscodeStrategy.h */,
				665FB52223E870CC0009EC29 /* RIChangePasscodeStrategy.m */,
			);
			path = Strategies;
			sourceTree = "<group>";
		};
		66C2CEF423B23504002C2104 /* Recovered References */ = {
			isa = PBXGroup;
			children = (
				669E87DE23B100470050D221 /* GDNumberPadButton.m */,
			);
			name = "Recovered References";
			sourceTree = "<group>";
		};
		66E3152D23E98E2900E30F73 /* Secure Manager */ = {
			isa = PBXGroup;
			children = (
				66E3152E23E98E4500E30F73 /* RISecureManager.h */,
				66E3152F23E98E4500E30F73 /* RISecureManager.m */,
			);
			path = "Secure Manager";
			sourceTree = "<group>";
		};
		66EFC39523B245DC00695249 /* Icons */ = {
			isa = PBXGroup;
			children = (
				66336AFC23B512FF00553D25 /* RIIcons.xcassets */,
			);
			path = Icons;
			sourceTree = "<group>";
		};
		66F530BE23880C9400BB2E58 /* Cells */ = {
			isa = PBXGroup;
			children = (
				6674EDED23C3511A00073DE8 /* UITableView */,
				6674EDEE23C3513500073DE8 /* UICollectionView */,
			);
			path = Cells;
			sourceTree = "<group>";
		};
		66F8FA3D23E710B1001B3CA8 /* Enums */ = {
			isa = PBXGroup;
			children = (
				66F8FA3F23E71177001B3CA8 /* RISettingsCellType.h */,
				665E585423E7128C00AA998D /* RIPasscodeEntryState.h */,
				66F8FA3E23E710CC001B3CA8 /* RIPasscodeEntryOption.h */,
			);
			path = Enums;
			sourceTree = "<group>";
		};
		847D7C1F2389EDE5004B008F /* Protocols */ = {
			isa = PBXGroup;
			children = (
				660AF2BE23B4E5CA00390BFE /* RINumberPadDelegate.h */,
				666DE83823D0841100C56A57 /* RICreateReminderDelegate.h */,
				668BA20F23E054A8001283E3 /* RISettingsDataSource.h */,
				664EDC8B23E1F14E00A8B5E0 /* RIPasscodeStrategyProtocol.h */,
				66F8FA3C23E70D97001B3CA8 /* RIPasscodeEntryDelegate.h */,
			);
			path = Protocols;
			sourceTree = "<group>";
		};
/* End PBXGroup section */

/* Begin PBXNativeTarget section */
		6679BAB823856B8600D05FAD /* Reminders */ = {
			isa = PBXNativeTarget;
			buildConfigurationList = 6679BAD223856B8700D05FAD /* Build configuration list for PBXNativeTarget "Reminders" */;
			buildPhases = (
				6679BAB523856B8600D05FAD /* Sources */,
				6679BAB623856B8600D05FAD /* Frameworks */,
				6679BAB723856B8600D05FAD /* Resources */,
			);
			buildRules = (
			);
			dependencies = (
			);
			name = Reminders;
			productName = Reminders;
			productReference = 6679BAB923856B8600D05FAD /* Reminders.app */;
			productType = "com.apple.product-type.application";
		};
/* End PBXNativeTarget section */

/* Begin PBXProject section */
		6679BAB123856B8600D05FAD /* Project object */ = {
			isa = PBXProject;
			attributes = {
				LastUpgradeCheck = 1120;
				ORGANIZATIONNAME = "Ostap Tyvonovych";
				TargetAttributes = {
					6679BAB823856B8600D05FAD = {
						CreatedOnToolsVersion = 11.2.1;
					};
				};
			};
			buildConfigurationList = 6679BAB423856B8600D05FAD /* Build configuration list for PBXProject "Reminders" */;
			compatibilityVersion = "Xcode 9.3";
			developmentRegion = en;
			hasScannedForEncodings = 0;
			knownRegions = (
				en,
				Base,
			);
			mainGroup = 6679BAB023856B8600D05FAD;
			productRefGroup = 6679BABA23856B8600D05FAD /* Products */;
			projectDirPath = "";
			projectRoot = "";
			targets = (
				6679BAB823856B8600D05FAD /* Reminders */,
			);
		};
/* End PBXProject section */

/* Begin PBXResourcesBuildPhase section */
		6679BAB723856B8600D05FAD /* Resources */ = {
			isa = PBXResourcesBuildPhase;
			buildActionMask = 2147483647;
			files = (
				66445F8B23B6720F0040F6A6 /* RIDotsControl.xib in Resources */,
				6694CFEE23ABAC8800575602 /* RILockScreenViewController.storyboard in Resources */,
				662C30E323CCC8D40036083E /* RIDetailViewController.storyboard in Resources */,
				669D458623E2E1E50067396A /* RIPasscodeEntryView.xib in Resources */,
				66B217D623B2785F0010D4B8 /* RINumberPad.xib in Resources */,
				6679BACC23856B8700D05FAD /* RILaunchScreen.storyboard in Resources */,
				66336AFD23B512FF00553D25 /* RIIcons.xcassets in Resources */,
				847D7C1B2389E597004B008F /* RICreateReminderViewController.storyboard in Resources */,
				6679BAC923856B8700D05FAD /* Assets.xcassets in Resources */,
				66BBBE992387F53000644D44 /* RITasksListViewController.storyboard in Resources */,
				668793DB23E1A04B0044EDF4 /* RIPasscodeEntryViewController.storyboard in Resources */,
				66C5DE5C23DF18CE005985AB /* RITabBarController.storyboard in Resources */,
				66C5DE6123DF2377005985AB /* RISettingsViewController.storyboard in Resources */,
			);
			runOnlyForDeploymentPostprocessing = 0;
		};
/* End PBXResourcesBuildPhase section */

/* Begin PBXSourcesBuildPhase section */
		6679BAB523856B8600D05FAD /* Sources */ = {
			isa = PBXSourcesBuildPhase;
			buildActionMask = 2147483647;
			files = (
				66B217D323B277600010D4B8 /* RINumberPad.m in Sources */,
				847D7C1E2389E5BE004B008F /* RICreateReminderViewController.m in Sources */,
				669D458923E2E1FD0067396A /* RIPasscodeEntryView.m in Sources */,
				6679BAC423856B8600D05FAD /* RITasksListViewController.m in Sources */,
				661648B523B79D6A00A655A3 /* RINSString+Constants.m in Sources */,
				661648B123B79B3D00A655A3 /* RIUIColor+Constants.m in Sources */,
				668B138923EDD13D00FD587A /* RIUIImage+Constants.m in Sources */,
				66C5DE5F23DF18FB005985AB /* RITabBarController.m in Sources */,
				6681740023E82A8800A960F8 /* RIPasscodeStrategy.m in Sources */,
				66234BD223CC978E001FD833 /* RIResponse.m in Sources */,
				6694CFF123ABACA000575602 /* RILockScreenViewController.m in Sources */,
				666CBAB423EC8153004EEEDB /* RIUIViewController+CurrentViewController.m in Sources */,
				660E578823ABB22700A31913 /* RIDot.m in Sources */,
				668173FD23E827B500A960F8 /* RIEnterPasscodeStrategy.m in Sources */,
				66336B0023B5150300553D25 /* RIUIColor+HexInit.m in Sources */,
				66E3153023E98E4500E30F73 /* RISecureManager.m in Sources */,
				66F530C3238818DD00BB2E58 /* RIReminder.m in Sources */,
				66AC604923F2F8630012DF89 /* RINSDateFormatter+FormatOptions.m in Sources */,
				84ACA6F5238A80D400DC8A90 /* RIDetailViewController.m in Sources */,
				66C5DE6423DF238D005985AB /* RISettingsViewController.m in Sources */,
				66C2CEF723B23545002C2104 /* RINumberPadButton.m in Sources */,
				6679BABE23856B8600D05FAD /* RIAppDelegate.m in Sources */,
				6679BACF23856B8700D05FAD /* main.m in Sources */,
				6679BAC123856B8600D05FAD /* RISceneDelegate.m in Sources */,
				6674EDEC23C3501B00073DE8 /* RIImageAttachmentCollectionViewCell.m in Sources */,
				665FB52323E870CC0009EC29 /* RIChangePasscodeStrategy.m in Sources */,
				6672DEFC23DB4EFB0098CF68 /* RIURLSchemeHandlerService.m in Sources */,
				6635A44123E86B6800CA4B8B /* RINSError+ReminderError.m in Sources */,
				668793DE23E1A0670044EDF4 /* RIPasscodeEntryViewController.m in Sources */,
				6656EEEC23B6355000C74B81 /* RIDotsControl.m in Sources */,
				669D458C23E2EAFF0067396A /* RIDotConfiguration.m in Sources */,
				66B217D023B276530010D4B8 /* RIUIImage+ImageWithImageScaledToSize.m in Sources */,
				66F530C123880D0500BB2E58 /* RIReminderTableViewCell.m in Sources */,
				66C0596623E468EB00832AE0 /* RISetNewPasscodeStrategy.m in Sources */,
			);
			runOnlyForDeploymentPostprocessing = 0;
		};
/* End PBXSourcesBuildPhase section */

/* Begin PBXVariantGroup section */
		6679BACA23856B8700D05FAD /* RILaunchScreen.storyboard */ = {
			isa = PBXVariantGroup;
			children = (
				6679BACB23856B8700D05FAD /* Base */,
			);
			name = RILaunchScreen.storyboard;
			sourceTree = "<group>";
		};
/* End PBXVariantGroup section */

/* Begin XCBuildConfiguration section */
		6679BAD023856B8700D05FAD /* Debug */ = {
			isa = XCBuildConfiguration;
			buildSettings = {
				ALWAYS_SEARCH_USER_PATHS = NO;
				CLANG_ANALYZER_NONNULL = YES;
				CLANG_ANALYZER_NUMBER_OBJECT_CONVERSION = YES_AGGRESSIVE;
				CLANG_CXX_LANGUAGE_STANDARD = "gnu++14";
				CLANG_CXX_LIBRARY = "libc++";
				CLANG_ENABLE_MODULES = YES;
				CLANG_ENABLE_OBJC_ARC = YES;
				CLANG_ENABLE_OBJC_WEAK = YES;
				CLANG_WARN_BLOCK_CAPTURE_AUTORELEASING = YES;
				CLANG_WARN_BOOL_CONVERSION = YES;
				CLANG_WARN_COMMA = YES;
				CLANG_WARN_CONSTANT_CONVERSION = YES;
				CLANG_WARN_DEPRECATED_OBJC_IMPLEMENTATIONS = YES;
				CLANG_WARN_DIRECT_OBJC_ISA_USAGE = YES_ERROR;
				CLANG_WARN_DOCUMENTATION_COMMENTS = YES;
				CLANG_WARN_EMPTY_BODY = YES;
				CLANG_WARN_ENUM_CONVERSION = YES;
				CLANG_WARN_INFINITE_RECURSION = YES;
				CLANG_WARN_INT_CONVERSION = YES;
				CLANG_WARN_NON_LITERAL_NULL_CONVERSION = YES;
				CLANG_WARN_OBJC_IMPLICIT_RETAIN_SELF = YES;
				CLANG_WARN_OBJC_LITERAL_CONVERSION = YES;
				CLANG_WARN_OBJC_ROOT_CLASS = YES_ERROR;
				CLANG_WARN_RANGE_LOOP_ANALYSIS = YES;
				CLANG_WARN_STRICT_PROTOTYPES = YES;
				CLANG_WARN_SUSPICIOUS_MOVE = YES;
				CLANG_WARN_UNGUARDED_AVAILABILITY = YES_AGGRESSIVE;
				CLANG_WARN_UNREACHABLE_CODE = YES;
				CLANG_WARN__DUPLICATE_METHOD_MATCH = YES;
				COPY_PHASE_STRIP = NO;
				DEBUG_INFORMATION_FORMAT = dwarf;
				ENABLE_STRICT_OBJC_MSGSEND = YES;
				ENABLE_TESTABILITY = YES;
				GCC_C_LANGUAGE_STANDARD = gnu11;
				GCC_DYNAMIC_NO_PIC = NO;
				GCC_NO_COMMON_BLOCKS = YES;
				GCC_OPTIMIZATION_LEVEL = 0;
				GCC_PREPROCESSOR_DEFINITIONS = (
					"DEBUG=1",
					"$(inherited)",
				);
				GCC_WARN_64_TO_32_BIT_CONVERSION = YES;
				GCC_WARN_ABOUT_RETURN_TYPE = YES_ERROR;
				GCC_WARN_UNDECLARED_SELECTOR = YES;
				GCC_WARN_UNINITIALIZED_AUTOS = YES_AGGRESSIVE;
				GCC_WARN_UNUSED_FUNCTION = YES;
				GCC_WARN_UNUSED_VARIABLE = YES;
				IPHONEOS_DEPLOYMENT_TARGET = 13.2;
				MTL_ENABLE_DEBUG_INFO = INCLUDE_SOURCE;
				MTL_FAST_MATH = YES;
				ONLY_ACTIVE_ARCH = YES;
				SDKROOT = iphoneos;
			};
			name = Debug;
		};
		6679BAD123856B8700D05FAD /* Release */ = {
			isa = XCBuildConfiguration;
			buildSettings = {
				ALWAYS_SEARCH_USER_PATHS = NO;
				CLANG_ANALYZER_NONNULL = YES;
				CLANG_ANALYZER_NUMBER_OBJECT_CONVERSION = YES_AGGRESSIVE;
				CLANG_CXX_LANGUAGE_STANDARD = "gnu++14";
				CLANG_CXX_LIBRARY = "libc++";
				CLANG_ENABLE_MODULES = YES;
				CLANG_ENABLE_OBJC_ARC = YES;
				CLANG_ENABLE_OBJC_WEAK = YES;
				CLANG_WARN_BLOCK_CAPTURE_AUTORELEASING = YES;
				CLANG_WARN_BOOL_CONVERSION = YES;
				CLANG_WARN_COMMA = YES;
				CLANG_WARN_CONSTANT_CONVERSION = YES;
				CLANG_WARN_DEPRECATED_OBJC_IMPLEMENTATIONS = YES;
				CLANG_WARN_DIRECT_OBJC_ISA_USAGE = YES_ERROR;
				CLANG_WARN_DOCUMENTATION_COMMENTS = YES;
				CLANG_WARN_EMPTY_BODY = YES;
				CLANG_WARN_ENUM_CONVERSION = YES;
				CLANG_WARN_INFINITE_RECURSION = YES;
				CLANG_WARN_INT_CONVERSION = YES;
				CLANG_WARN_NON_LITERAL_NULL_CONVERSION = YES;
				CLANG_WARN_OBJC_IMPLICIT_RETAIN_SELF = YES;
				CLANG_WARN_OBJC_LITERAL_CONVERSION = YES;
				CLANG_WARN_OBJC_ROOT_CLASS = YES_ERROR;
				CLANG_WARN_RANGE_LOOP_ANALYSIS = YES;
				CLANG_WARN_STRICT_PROTOTYPES = YES;
				CLANG_WARN_SUSPICIOUS_MOVE = YES;
				CLANG_WARN_UNGUARDED_AVAILABILITY = YES_AGGRESSIVE;
				CLANG_WARN_UNREACHABLE_CODE = YES;
				CLANG_WARN__DUPLICATE_METHOD_MATCH = YES;
				COPY_PHASE_STRIP = NO;
				DEBUG_INFORMATION_FORMAT = "dwarf-with-dsym";
				ENABLE_NS_ASSERTIONS = NO;
				ENABLE_STRICT_OBJC_MSGSEND = YES;
				GCC_C_LANGUAGE_STANDARD = gnu11;
				GCC_NO_COMMON_BLOCKS = YES;
				GCC_WARN_64_TO_32_BIT_CONVERSION = YES;
				GCC_WARN_ABOUT_RETURN_TYPE = YES_ERROR;
				GCC_WARN_UNDECLARED_SELECTOR = YES;
				GCC_WARN_UNINITIALIZED_AUTOS = YES_AGGRESSIVE;
				GCC_WARN_UNUSED_FUNCTION = YES;
				GCC_WARN_UNUSED_VARIABLE = YES;
				IPHONEOS_DEPLOYMENT_TARGET = 13.2;
				MTL_ENABLE_DEBUG_INFO = NO;
				MTL_FAST_MATH = YES;
				SDKROOT = iphoneos;
				VALIDATE_PRODUCT = YES;
			};
			name = Release;
		};
		6679BAD323856B8700D05FAD /* Debug */ = {
			isa = XCBuildConfiguration;
			buildSettings = {
				ASSETCATALOG_COMPILER_APPICON_NAME = AppIcon;
				CODE_SIGN_STYLE = Automatic;
				DEVELOPMENT_TEAM = GTFT6558BS;
				INFOPLIST_FILE = Reminders/Info.plist;
				IPHONEOS_DEPLOYMENT_TARGET = 13.0;
				LD_RUNPATH_SEARCH_PATHS = (
					"$(inherited)",
					"@executable_path/Frameworks",
				);
				PRODUCT_BUNDLE_IDENTIFIER = "Ostap-Tyvonovych.Reminders";
				PRODUCT_NAME = "$(TARGET_NAME)";
				TARGETED_DEVICE_FAMILY = "1,2";
			};
			name = Debug;
		};
		6679BAD423856B8700D05FAD /* Release */ = {
			isa = XCBuildConfiguration;
			buildSettings = {
				ASSETCATALOG_COMPILER_APPICON_NAME = AppIcon;
				CODE_SIGN_STYLE = Automatic;
				DEVELOPMENT_TEAM = GTFT6558BS;
				INFOPLIST_FILE = Reminders/Info.plist;
				IPHONEOS_DEPLOYMENT_TARGET = 13.0;
				LD_RUNPATH_SEARCH_PATHS = (
					"$(inherited)",
					"@executable_path/Frameworks",
				);
				PRODUCT_BUNDLE_IDENTIFIER = "Ostap-Tyvonovych.Reminders";
				PRODUCT_NAME = "$(TARGET_NAME)";
				TARGETED_DEVICE_FAMILY = "1,2";
			};
			name = Release;
		};
/* End XCBuildConfiguration section */

/* Begin XCConfigurationList section */
		6679BAB423856B8600D05FAD /* Build configuration list for PBXProject "Reminders" */ = {
			isa = XCConfigurationList;
			buildConfigurations = (
				6679BAD023856B8700D05FAD /* Debug */,
				6679BAD123856B8700D05FAD /* Release */,
			);
			defaultConfigurationIsVisible = 0;
			defaultConfigurationName = Release;
		};
		6679BAD223856B8700D05FAD /* Build configuration list for PBXNativeTarget "Reminders" */ = {
			isa = XCConfigurationList;
			buildConfigurations = (
				6679BAD323856B8700D05FAD /* Debug */,
				6679BAD423856B8700D05FAD /* Release */,
			);
			defaultConfigurationIsVisible = 0;
			defaultConfigurationName = Release;
		};
/* End XCConfigurationList section */
	};
	rootObject = 6679BAB123856B8600D05FAD /* Project object */;
}
